
Microsoft Visual Studio Solution File, Format Version 12.00
# Visual Studio Version 16
VisualStudioVersion = 16.0.28917.181
MinimumVisualStudioVersion = 10.0.40219.1
Project("{FAE04EC0-301F-11D3-BF4B-00C04F79EFBC}") = "PE.HMIWWW", "PE.HMIWWW\PE.HMIWWW.csproj", "{02F8D593-A2DB-42C4-AFD1-D1987510334B}"
EndProject
Project("{2150E333-8FDC-42A3-9474-1A3956D46DE8}") = "TOOLS", "TOOLS", "{EC2F041D-C1A6-4EC5-8245-EFD992430EF8}"
EndProject
Project("{FAE04EC0-301F-11D3-BF4B-00C04F79EFBC}") = "PE.Interfaces", "PE.Interfaces\PE.Interfaces.csproj", "{DFE01277-6CD1-4CBE-9FCF-3CAD1F7B73D8}"
EndProject
Project("{FAE04EC0-301F-11D3-BF4B-00C04F79EFBC}") = "PE.DbEntity", "PE.DbEntity\PE.DbEntity.csproj", "{0CA28630-444C-4678-A2DD-05111132C899}"
EndProject
Project("{FAE04EC0-301F-11D3-BF4B-00C04F79EFBC}") = "PE.Core", "PE.Core\PE.Core.csproj", "{CBA3527C-7BDF-4F41-9133-255A6E491395}"
EndProject
Project("{FAE04EC0-301F-11D3-BF4B-00C04F79EFBC}") = "PE.Common", "PE.Common\PE.Common.csproj", "{D1F29ABF-E455-47DC-9594-62C9DBBF2AA8}"
EndProject
Project("{FAE04EC0-301F-11D3-BF4B-00C04F79EFBC}") = "PE.HMIWWW.Services", "PE.Services\PE.HMIWWW.Services.csproj", "{6FBD6986-53C0-4BA0-996A-AD399E28EF1B}"
EndProject
Project("{FAE04EC0-301F-11D3-BF4B-00C04F79EFBC}") = "PE.HMIWWW.ViewModel", "PE.ViewModel\PE.HMIWWW.ViewModel.csproj", "{45C16E36-29E7-4E0F-9365-A6254B96F03C}"
EndProject
Project("{FAE04EC0-301F-11D3-BF4B-00C04F79EFBC}") = "PE.HMIWWW.Core", "PE.HMIWWW.Tools\PE.HMIWWW.Core.csproj", "{5885A692-03CC-44A4-BEDE-708AC3BAB315}"
EndProject
Project("{2150E333-8FDC-42A3-9474-1A3956D46DE8}") = "HMIWWW", "HMIWWW", "{F54D2443-C254-46CD-A4E6-8DE498850F05}"
EndProject
Project("{2150E333-8FDC-42A3-9474-1A3956D46DE8}") = "PE.Modules", "PE.Modules", "{50214FD0-D99D-4A4E-BE6A-2D08CD038AC5}"
EndProject
Project("{FAE04EC0-301F-11D3-BF4B-00C04F79EFBC}") = "PE.Helpers", "Helpers\PE.Helpers.csproj", "{27B89129-50D5-405D-BBFD-6FD206629819}"
EndProject
Project("{FAE04EC0-301F-11D3-BF4B-00C04F79EFBC}") = "HMIRefreshKeysHelper", "HMIRefreshKeysHelper\HMIRefreshKeysHelper.csproj", "{EEBB8395-050F-4C9B-97AA-35F1FF296520}"
EndProject
Project("{2150E333-8FDC-42A3-9474-1A3956D46DE8}") = "PE.Handlers", "PE.Handlers", "{4FD83E32-569B-43D4-B201-FC060B296AAC}"
EndProject
Project("{2150E333-8FDC-42A3-9474-1A3956D46DE8}") = "DB", "DB", "{D94CB310-FC91-43C7-8566-84AF979229AE}"
EndProject
Project("{159641D6-6404-4A2A-AE62-294DE0FE8301}") = "PE.IntegrationServices", "PE.IntegrationServices\PE.IntegrationServices.dtproj", "{F77BEA46-9C0E-4943-AF55-35413234B9D0}"
EndProject
Project("{2150E333-8FDC-42A3-9474-1A3956D46DE8}") = "Utilities", "Utilities", "{03C3DAA4-48C2-425C-8793-5C4E06424C95}"
EndProject
Project("{2150E333-8FDC-42A3-9474-1A3956D46DE8}") = "PE.Managers", "PE.Managers", "{4AD2DA34-85C7-4B10-941B-54E874632332}"
EndProject
Project("{FAE04EC0-301F-11D3-BF4B-00C04F79EFBC}") = "PE.PRM.Managers", "PE.Managers\PE.PRM.Managers\PE.PRM.Managers.csproj", "{5FC2EC52-5917-4231-B8CC-C6D76DD68EE7}"
EndProject
Project("{FAE04EC0-301F-11D3-BF4B-00C04F79EFBC}") = "PE.PPL.Managers", "PE.Managers\PE.PPL.Managers\PE.PPL.Managers.csproj", "{B3CDBCC4-F778-4F14-A9FF-255E575244BD}"
EndProject
Project("{FAE04EC0-301F-11D3-BF4B-00C04F79EFBC}") = "PE.ADP.Managers", "PE.Managers\PE.ADP.Managers\PE.ADP.Managers.csproj", "{89FDAAFB-EA07-4465-A7DA-6D3BA7C17F11}"
	ProjectSection(ProjectDependencies) = postProject
		{50D11E53-6F19-452F-A3A1-46E1FCB16447} = {50D11E53-6F19-452F-A3A1-46E1FCB16447}
	EndProjectSection
EndProject
Project("{FAE04EC0-301F-11D3-BF4B-00C04F79EFBC}") = "PE.DBA.Managers", "PE.Managers\PE.DBA.Managers\PE.DBA.Managers.csproj", "{98C69041-9506-4FF2-BEC1-4F1D3CF37D7E}"
	ProjectSection(ProjectDependencies) = postProject
		{6FC403E6-C946-4381-887F-B3F5A2583172} = {6FC403E6-C946-4381-887F-B3F5A2583172}
	EndProjectSection
EndProject
Project("{FAE04EC0-301F-11D3-BF4B-00C04F79EFBC}") = "PE.DLS.Managers", "PE.Managers\PE.DLS.Managers\PE.DLS.Managers.csproj", "{4597F497-6ECF-43BA-A893-5A5412A35368}"
EndProject
Project("{FAE04EC0-301F-11D3-BF4B-00C04F79EFBC}") = "PE.MVH.Managers", "PE.Managers\PE.MVH.Managers\PE.MVH.Managers.csproj", "{7A328774-F678-469A-8393-8B99E4B6A0CC}"
EndProject
Project("{00D1A9C2-B5F0-4AF3-8072-F6C62B433612}") = "PE.Database", "PE.Database\PE.Database.sqlproj", "{C1B45A85-84E1-4AC9-8069-38DBCE4E59AD}"
EndProject
Project("{D2ABAB84-BF74-430A-B69E-9DC6D40DDA17}") = "PE.Analysis", "PE.Analysis\PE.Analysis.dwproj", "{736436EB-F912-4D12-8748-E7B3A3E5F2D9}"
EndProject
Project("{F14B399A-7131-4C87-9E4B-1186C45EF12D}") = "PE.Reports", "PE.Reports\PE.Reports.rptproj", "{89CE9E27-765C-486D-9DA6-71B3411AA78E}"
EndProject
Project("{FAE04EC0-301F-11D3-BF4B-00C04F79EFBC}") = "PE.DBA.Handlers", "PE.Handlers\PE.ADB.Handlers\PE.DBA.Handlers.csproj", "{6FC403E6-C946-4381-887F-B3F5A2583172}"
EndProject
Project("{FAE04EC0-301F-11D3-BF4B-00C04F79EFBC}") = "PE.ADP.Handlers", "PE.Handlers\PE.ADP.Handlers\PE.ADP.Handlers.csproj", "{50D11E53-6F19-452F-A3A1-46E1FCB16447}"
EndProject
Project("{FAE04EC0-301F-11D3-BF4B-00C04F79EFBC}") = "PE.DLS.Handlers", "PE.Handlers\PE.DLS.Handlers\PE.DLS.Handlers.csproj", "{F1B2FDA6-DCD6-4756-BABE-2D5535729F1E}"
EndProject
Project("{FAE04EC0-301F-11D3-BF4B-00C04F79EFBC}") = "PE.L3S.Handlers", "PE.Handlers\PE.L3S.Handlers\PE.L3S.Handlers.csproj", "{C53CF359-0CFB-4844-BCAC-2AA1B7B08E54}"
EndProject
Project("{FAE04EC0-301F-11D3-BF4B-00C04F79EFBC}") = "PE.MVH.Handlers", "PE.Handlers\PE.MVH.Handlers\PE.MVH.Handlers.csproj", "{CEC224E9-15EA-4DCC-8830-DE137ECD31BC}"
EndProject
Project("{FAE04EC0-301F-11D3-BF4B-00C04F79EFBC}") = "PE.PPL.Handlers", "PE.Handlers\PE.PPL.Handlers\PE.PPL.Handlers.csproj", "{A9C984CE-5905-43DF-A9E1-16B634FBFB99}"
EndProject
Project("{FAE04EC0-301F-11D3-BF4B-00C04F79EFBC}") = "PE.PRM.Handlers", "PE.Handlers\PE.PRM.Handlers\PE.PRM.Handlers.csproj", "{2843540A-5345-4CA8-8336-531210A6280D}"
EndProject
Project("{FAE04EC0-301F-11D3-BF4B-00C04F79EFBC}") = "PE.ADP.Adapter", "PE.Modules\PE.ADP.Adapter\PE.ADP.Adapter.csproj", "{FF7A5D74-B313-417C-84E5-4A7EA2F1F21D}"
EndProject
Project("{FAE04EC0-301F-11D3-BF4B-00C04F79EFBC}") = "PE.DBA.DataBaseAdapter", "PE.Modules\PE.DBA.DataBaseAdapter\PE.DBA.DataBaseAdapter.csproj", "{16683ACA-EABE-4FF7-8511-663F166ED211}"
	ProjectSection(ProjectDependencies) = postProject
		{6FC403E6-C946-4381-887F-B3F5A2583172} = {6FC403E6-C946-4381-887F-B3F5A2583172}
	EndProjectSection
EndProject
Project("{FAE04EC0-301F-11D3-BF4B-00C04F79EFBC}") = "PE.DLS.Delays", "PE.Modules\PE.DLS.Delays\PE.DLS.Delays.csproj", "{3A8D810C-804D-4E9F-BAB4-835EDF31CBF5}"
EndProject
Project("{FAE04EC0-301F-11D3-BF4B-00C04F79EFBC}") = "PE.HMI", "PE.Modules\PE.HMI\PE.HMI.csproj", "{6C970A5D-F430-436C-B496-A3EE40EDC290}"
EndProject
Project("{FAE04EC0-301F-11D3-BF4B-00C04F79EFBC}") = "PE.MVH.MeasValuesHistory", "PE.Modules\PE.MVH.MeasValuesHistory\PE.MVH.MeasValuesHistory.csproj", "{53204EA7-9C21-49CB-BC8D-A1192F843619}"
EndProject
Project("{FAE04EC0-301F-11D3-BF4B-00C04F79EFBC}") = "PE.PRM.ProdManager", "PE.Modules\PE.PRM.ProdManager\PE.PRM.ProdManager.csproj", "{B82714C3-9A51-43E4-A1C6-50488F6DBC4F}"
EndProject
Project("{FAE04EC0-301F-11D3-BF4B-00C04F79EFBC}") = "PE.PPL.ProdPlaning", "PE.Modules\PE.PPL.ProdPlaning\PE.PPL.ProdPlaning.csproj", "{8F54892A-588A-4430-A338-54A636C4A798}"
EndProject
Project("{FAE04EC0-301F-11D3-BF4B-00C04F79EFBC}") = "PE.DTO", "PE.DTO\PE.DTO.csproj", "{5A8B29E8-E78F-4A25-A509-CF6F5ABA462E}"
EndProject
Project("{FAE04EC0-301F-11D3-BF4B-00C04F79EFBC}") = "PE.WBF.WalkingBeamFurnance", "PE.Modules\PE.WBF.WalkingBeamFurnance\PE.WBF.WalkingBeamFurnance.csproj", "{FF5EB29B-0FED-4BDC-8A8E-6195B5E669F6}"
	ProjectSection(ProjectDependencies) = postProject
		{6A6D3129-BCB3-4C92-AB61-53369BCD4955} = {6A6D3129-BCB3-4C92-AB61-53369BCD4955}
		{5A8B29E8-E78F-4A25-A509-CF6F5ABA462E} = {5A8B29E8-E78F-4A25-A509-CF6F5ABA462E}
	EndProjectSection
EndProject
Project("{FAE04EC0-301F-11D3-BF4B-00C04F79EFBC}") = "PE.TRK.Tracking", "PE.Modules\PE.TRK.Tracking\PE.TRK.Tracking.csproj", "{90590CE2-AC74-483A-9B20-9A222F95D7D3}"
EndProject
Project("{FAE04EC0-301F-11D3-BF4B-00C04F79EFBC}") = "PE.TRK.Managers", "PE.Managers\PE.TRK.Managers\PE.TRK.Managers.csproj", "{146AA4FB-2391-48F3-8937-844049C17FB3}"
EndProject
Project("{FAE04EC0-301F-11D3-BF4B-00C04F79EFBC}") = "PE.WBF.Managers", "PE.Managers\PE.WBF.Managers\PE.WBF.Managers.csproj", "{6A6D3129-BCB3-4C92-AB61-53369BCD4955}"
EndProject
Project("{FAE04EC0-301F-11D3-BF4B-00C04F79EFBC}") = "PE.TRK.Handlers", "PE.Handlers\PE.TRK.Handlers\PE.TRK.Handlers.csproj", "{831A1E73-BBCB-4EFA-AF48-5CB8DCF5A612}"
EndProject
Project("{FAE04EC0-301F-11D3-BF4B-00C04F79EFBC}") = "PE.WBF.Handlers", "PE.Handlers\PE.WBM.TRK\PE.WBF.Handlers.csproj", "{52C2D6D0-F992-474D-B60B-1BBB88CC02C9}"
EndProject
Project("{FAE04EC0-301F-11D3-BF4B-00C04F79EFBC}") = "PE.ZPC.ZebraPrinterConnector", "PE.Modules\PE.ZPC.ZebraPrinterConnector\PE.ZPC.ZebraPrinterConnector.csproj", "{7377DE37-9A8A-41F7-9D80-7C34A4E9F7E6}"
EndProject
Project("{FAE04EC0-301F-11D3-BF4B-00C04F79EFBC}") = "PE.ZPC.Managers", "PE.Managers\PE.ZPC.Managers\PE.ZPC.Managers.csproj", "{1EC14231-0078-4482-9898-6B730BA03253}"
EndProject
Project("{FAE04EC0-301F-11D3-BF4B-00C04F79EFBC}") = "PE.ZPC.Handlers", "PE.Handlers\PE.ZPC.Handlers\PE.ZPC.Handlers.csproj", "{C4C9E58B-BA7E-4673-9C99-F6667C579F6C}"
EndProject
Project("{FAE04EC0-301F-11D3-BF4B-00C04F79EFBC}") = "PE.STP.Setup", "PE.Modules\PE.STP.Setup\PE.STP.Setup.csproj", "{E5FCE292-AC34-4AE2-BD09-4E2F1A3FE84C}"
EndProject
Project("{FAE04EC0-301F-11D3-BF4B-00C04F79EFBC}") = "PE.STP.Managers", "PE.Managers\PE.STP.Managers\PE.STP.Managers.csproj", "{A46D22C2-B16D-4CB9-BDA9-C40F887C37F6}"
EndProject
Project("{FAE04EC0-301F-11D3-BF4B-00C04F79EFBC}") = "PE.STP.Handlers", "PE.Handlers\PE.STP.Handlers\PE.STP.Handlers.csproj", "{EDF420C2-3931-4395-B023-E8423C373A18}"
EndProject
Project("{FAE04EC0-301F-11D3-BF4B-00C04F79EFBC}") = "PE.Config", "PE.Config\PE.Config.csproj", "{9AC6F16F-BF0E-4F30-BDA1-667D276943F0}"
EndProject
Project("{FAE04EC0-301F-11D3-BF4B-00C04F79EFBC}") = "PE.Lite", "PE.Lite\PE.Lite.csproj", "{6140A499-F443-44E0-924D-8923617F7D1F}"
EndProject
Project("{FAE04EC0-301F-11D3-BF4B-00C04F79EFBC}") = "PE.TRN.Handlers", "PE.Handlers\PE.TRN.Handlers\PE.TRN.Handlers.csproj", "{6D2A40C1-AF88-462D-AD2F-295285B681AB}"
EndProject
Project("{2150E333-8FDC-42A3-9474-1A3956D46DE8}") = "Solution Items", "Solution Items", "{E5726D0D-1B03-4295-B978-1F404D8FF933}"
	ProjectSection(SolutionItems) = preProject
		.editorconfig = .editorconfig
	EndProjectSection
EndProject
Project("{FAE04EC0-301F-11D3-BF4B-00C04F79EFBC}") = "PE.SIM.Simulation", "PE.Modules\PE.SIM.Simulation\PE.SIM.Simulation.csproj", "{90F0FA7B-5643-4791-ACFD-72DCD3C65A93}"
EndProject
Project("{FAE04EC0-301F-11D3-BF4B-00C04F79EFBC}") = "PE.SIM.Managers", "PE.Managers\PE.SIM.Managers\PE.SIM.Managers.csproj", "{7D91CC28-B879-4329-B149-68DC72C86727}"
EndProject
Project("{FAE04EC0-301F-11D3-BF4B-00C04F79EFBC}") = "PE.L1S.Handlers", "PE.Handlers\PE.L1S.Handlers\PE.L1S.Handlers.csproj", "{B2C65251-8F54-4F03-A8AA-228983381325}"
EndProject
Project("{FAE04EC0-301F-11D3-BF4B-00C04F79EFBC}") = "PE.DSP.Dispatcher", "PE.Modules\PE.DSP.Dispatcher\PE.DSP.Dispatcher.csproj", "{EFE608E7-A051-488F-94CD-4D526DDDA2DB}"
EndProject
Project("{FAE04EC0-301F-11D3-BF4B-00C04F79EFBC}") = "PE.DSP.Managers", "PE.Managers\PE.DSP.Managers\PE.DSP.Managers.csproj", "{3CFC577C-7A7B-4C57-8A49-9F30F2DD79A8}"
EndProject
Project("{FAE04EC0-301F-11D3-BF4B-00C04F79EFBC}") = "PE.DSP.Handlers", "PE.Handlers\PE.DSP.Handlers\PE.DSP.Handlers.csproj", "{F12DC925-70B9-4650-B9ED-860F1C5BDF81}"
EndProject
Project("{FAE04EC0-301F-11D3-BF4B-00C04F79EFBC}") = "PE.RLS.RollShop", "PE.Modules\PE.RLS.RollShop\PE.RLS.RollShop.csproj", "{F01A0CE6-9D3E-403E-A6F0-715321F9F4CD}"
EndProject
Project("{FAE04EC0-301F-11D3-BF4B-00C04F79EFBC}") = "PE.RLS.Managers", "PE.Managers\PE.RLS.Managers\PE.RLS.Managers.csproj", "{BF8F9792-3B6D-4CD5-9C9A-332B0899C7F1}"
EndProject
Project("{FAE04EC0-301F-11D3-BF4B-00C04F79EFBC}") = "PE.RLS.Handlers", "PE.Handlers\PE.RLS.Handlers\PE.RLS.Handlers.csproj", "{A9CD4B67-0CAB-45AD-92B4-82C6A8828481}"
EndProject
Project("{FAE04EC0-301F-11D3-BF4B-00C04F79EFBC}") = "CUS.L1A.L1Adapter", "CUS.Modules\CUS.L1A.L1Adapter\CUS.L1A.L1Adapter.csproj", "{E1CEF9FC-69C0-4DD0-B9AE-84CEA9306E3C}"
EndProject
Project("{2150E333-8FDC-42A3-9474-1A3956D46DE8}") = "Custom", "Custom", "{DDA0C44C-3888-4255-A92B-1FEFD24BF08E}"
EndProject
Project("{2150E333-8FDC-42A3-9474-1A3956D46DE8}") = "Custom", "Custom", "{EB538356-4D7B-4E8F-8D02-2D6D755AED25}"
EndProject
Project("{FAE04EC0-301F-11D3-BF4B-00C04F79EFBC}") = "CUS.L1A.Managers", "CUS.Managers\CUS.L1A.Managers\CUS.L1A.Managers.csproj", "{BD88DA8D-62CA-4467-988A-4CDF23DFFCB7}"
EndProject
Project("{2150E333-8FDC-42A3-9474-1A3956D46DE8}") = "Custom", "Custom", "{11977036-609D-4DD9-B7EB-E26221B049B7}"
EndProject
Project("{FAE04EC0-301F-11D3-BF4B-00C04F79EFBC}") = "CUS.L1A.Handlers", "CUS.Handlers\CUS.L1A.Handlers\CUS.L1A.Handlers.csproj", "{6CFB22BD-E231-4B16-B736-240D603F5478}"
EndProject
Project("{FAE04EC0-301F-11D3-BF4B-00C04F79EFBC}") = "PE.MNT.Maintenance", "PE.Modules\PE.MNT.Maintenance\PE.MNT.Maintenance.csproj", "{5FC6C206-0F36-47D4-98C6-AB3FBFB5D52B}"
EndProject
Project("{FAE04EC0-301F-11D3-BF4B-00C04F79EFBC}") = "PE.MNT.Managers", "PE.Managers\PE.MNT.Managers\PE.MNT.Managers.csproj", "{EAB0E535-E8B7-4EEA-810D-00D4008F43DF}"
EndProject
Project("{FAE04EC0-301F-11D3-BF4B-00C04F79EFBC}") = "PE.MNT.Handlers", "PE.Handlers\PE.MNT.Handlers\PE.MNT.Handlers.csproj", "{98738595-879B-48D8-8E43-37F3F3549A06}"
EndProject
Project("{FAE04EC0-301F-11D3-BF4B-00C04F79EFBC}") = "PE.QTY.Quality", "PE.Modules\PE.QTY.Quality\PE.QTY.Quality.csproj", "{34D7C6C2-68CC-485E-AAA2-2A06B589BDDF}"
EndProject
Project("{FAE04EC0-301F-11D3-BF4B-00C04F79EFBC}") = "PE.QTY.Managers", "PE.Managers\PE.QTY.Managers\PE.QTY.Managers.csproj", "{5AB7AAB2-8EBD-4CED-B695-82A80DEE61D9}"
EndProject
Project("{FAE04EC0-301F-11D3-BF4B-00C04F79EFBC}") = "PE.QTY.Handlers", "PE.Handlers\PE.QTY.Handlers\PE.QTY.Handlers.csproj", "{26DA8A82-D1CC-4BB7-A5F4-5FBD322C9484}"
EndProject
Global
	GlobalSection(SolutionConfigurationPlatforms) = preSolution
		Debug|Any CPU = Debug|Any CPU
		DebugLocal|Any CPU = DebugLocal|Any CPU
		Development|Any CPU = Development|Any CPU
		Release|Any CPU = Release|Any CPU
	EndGlobalSection
	GlobalSection(ProjectConfigurationPlatforms) = postSolution
		{02F8D593-A2DB-42C4-AFD1-D1987510334B}.Debug|Any CPU.ActiveCfg = Debug|Any CPU
		{02F8D593-A2DB-42C4-AFD1-D1987510334B}.Debug|Any CPU.Build.0 = Debug|Any CPU
		{02F8D593-A2DB-42C4-AFD1-D1987510334B}.DebugLocal|Any CPU.ActiveCfg = Debug|Any CPU
		{02F8D593-A2DB-42C4-AFD1-D1987510334B}.DebugLocal|Any CPU.Build.0 = Debug|Any CPU
		{02F8D593-A2DB-42C4-AFD1-D1987510334B}.Development|Any CPU.ActiveCfg = Debug|Any CPU
		{02F8D593-A2DB-42C4-AFD1-D1987510334B}.Development|Any CPU.Build.0 = Debug|Any CPU
		{02F8D593-A2DB-42C4-AFD1-D1987510334B}.Release|Any CPU.ActiveCfg = Release|Any CPU
		{02F8D593-A2DB-42C4-AFD1-D1987510334B}.Release|Any CPU.Build.0 = Release|Any CPU
		{DFE01277-6CD1-4CBE-9FCF-3CAD1F7B73D8}.Debug|Any CPU.ActiveCfg = Debug|Any CPU
		{DFE01277-6CD1-4CBE-9FCF-3CAD1F7B73D8}.Debug|Any CPU.Build.0 = Debug|Any CPU
		{DFE01277-6CD1-4CBE-9FCF-3CAD1F7B73D8}.DebugLocal|Any CPU.ActiveCfg = Debug|Any CPU
		{DFE01277-6CD1-4CBE-9FCF-3CAD1F7B73D8}.DebugLocal|Any CPU.Build.0 = Debug|Any CPU
		{DFE01277-6CD1-4CBE-9FCF-3CAD1F7B73D8}.Development|Any CPU.ActiveCfg = Debug|Any CPU
		{DFE01277-6CD1-4CBE-9FCF-3CAD1F7B73D8}.Development|Any CPU.Build.0 = Debug|Any CPU
		{DFE01277-6CD1-4CBE-9FCF-3CAD1F7B73D8}.Release|Any CPU.ActiveCfg = Release|Any CPU
		{DFE01277-6CD1-4CBE-9FCF-3CAD1F7B73D8}.Release|Any CPU.Build.0 = Release|Any CPU
		{0CA28630-444C-4678-A2DD-05111132C899}.Debug|Any CPU.ActiveCfg = Debug|Any CPU
		{0CA28630-444C-4678-A2DD-05111132C899}.Debug|Any CPU.Build.0 = Debug|Any CPU
		{0CA28630-444C-4678-A2DD-05111132C899}.DebugLocal|Any CPU.ActiveCfg = Debug|Any CPU
		{0CA28630-444C-4678-A2DD-05111132C899}.DebugLocal|Any CPU.Build.0 = Debug|Any CPU
		{0CA28630-444C-4678-A2DD-05111132C899}.Development|Any CPU.ActiveCfg = Debug|Any CPU
		{0CA28630-444C-4678-A2DD-05111132C899}.Development|Any CPU.Build.0 = Debug|Any CPU
		{0CA28630-444C-4678-A2DD-05111132C899}.Release|Any CPU.ActiveCfg = Release|Any CPU
		{0CA28630-444C-4678-A2DD-05111132C899}.Release|Any CPU.Build.0 = Release|Any CPU
		{CBA3527C-7BDF-4F41-9133-255A6E491395}.Debug|Any CPU.ActiveCfg = Debug|Any CPU
		{CBA3527C-7BDF-4F41-9133-255A6E491395}.Debug|Any CPU.Build.0 = Debug|Any CPU
		{CBA3527C-7BDF-4F41-9133-255A6E491395}.DebugLocal|Any CPU.ActiveCfg = Debug|Any CPU
		{CBA3527C-7BDF-4F41-9133-255A6E491395}.DebugLocal|Any CPU.Build.0 = Debug|Any CPU
		{CBA3527C-7BDF-4F41-9133-255A6E491395}.Development|Any CPU.ActiveCfg = Debug|Any CPU
		{CBA3527C-7BDF-4F41-9133-255A6E491395}.Development|Any CPU.Build.0 = Debug|Any CPU
		{CBA3527C-7BDF-4F41-9133-255A6E491395}.Release|Any CPU.ActiveCfg = Release|Any CPU
		{CBA3527C-7BDF-4F41-9133-255A6E491395}.Release|Any CPU.Build.0 = Release|Any CPU
		{D1F29ABF-E455-47DC-9594-62C9DBBF2AA8}.Debug|Any CPU.ActiveCfg = Debug|Any CPU
		{D1F29ABF-E455-47DC-9594-62C9DBBF2AA8}.Debug|Any CPU.Build.0 = Debug|Any CPU
		{D1F29ABF-E455-47DC-9594-62C9DBBF2AA8}.DebugLocal|Any CPU.ActiveCfg = Debug|Any CPU
		{D1F29ABF-E455-47DC-9594-62C9DBBF2AA8}.DebugLocal|Any CPU.Build.0 = Debug|Any CPU
		{D1F29ABF-E455-47DC-9594-62C9DBBF2AA8}.Development|Any CPU.ActiveCfg = Debug|Any CPU
		{D1F29ABF-E455-47DC-9594-62C9DBBF2AA8}.Development|Any CPU.Build.0 = Debug|Any CPU
		{D1F29ABF-E455-47DC-9594-62C9DBBF2AA8}.Release|Any CPU.ActiveCfg = Release|Any CPU
		{D1F29ABF-E455-47DC-9594-62C9DBBF2AA8}.Release|Any CPU.Build.0 = Release|Any CPU
		{6FBD6986-53C0-4BA0-996A-AD399E28EF1B}.Debug|Any CPU.ActiveCfg = Debug|Any CPU
		{6FBD6986-53C0-4BA0-996A-AD399E28EF1B}.Debug|Any CPU.Build.0 = Debug|Any CPU
		{6FBD6986-53C0-4BA0-996A-AD399E28EF1B}.DebugLocal|Any CPU.ActiveCfg = Debug|Any CPU
		{6FBD6986-53C0-4BA0-996A-AD399E28EF1B}.DebugLocal|Any CPU.Build.0 = Debug|Any CPU
		{6FBD6986-53C0-4BA0-996A-AD399E28EF1B}.Development|Any CPU.ActiveCfg = Debug|Any CPU
		{6FBD6986-53C0-4BA0-996A-AD399E28EF1B}.Development|Any CPU.Build.0 = Debug|Any CPU
		{6FBD6986-53C0-4BA0-996A-AD399E28EF1B}.Release|Any CPU.ActiveCfg = Release|Any CPU
		{6FBD6986-53C0-4BA0-996A-AD399E28EF1B}.Release|Any CPU.Build.0 = Release|Any CPU
		{45C16E36-29E7-4E0F-9365-A6254B96F03C}.Debug|Any CPU.ActiveCfg = Debug|Any CPU
		{45C16E36-29E7-4E0F-9365-A6254B96F03C}.Debug|Any CPU.Build.0 = Debug|Any CPU
		{45C16E36-29E7-4E0F-9365-A6254B96F03C}.DebugLocal|Any CPU.ActiveCfg = Debug|Any CPU
		{45C16E36-29E7-4E0F-9365-A6254B96F03C}.DebugLocal|Any CPU.Build.0 = Debug|Any CPU
		{45C16E36-29E7-4E0F-9365-A6254B96F03C}.Development|Any CPU.ActiveCfg = Debug|Any CPU
		{45C16E36-29E7-4E0F-9365-A6254B96F03C}.Development|Any CPU.Build.0 = Debug|Any CPU
		{45C16E36-29E7-4E0F-9365-A6254B96F03C}.Release|Any CPU.ActiveCfg = Release|Any CPU
		{45C16E36-29E7-4E0F-9365-A6254B96F03C}.Release|Any CPU.Build.0 = Release|Any CPU
		{5885A692-03CC-44A4-BEDE-708AC3BAB315}.Debug|Any CPU.ActiveCfg = Debug|Any CPU
		{5885A692-03CC-44A4-BEDE-708AC3BAB315}.Debug|Any CPU.Build.0 = Debug|Any CPU
		{5885A692-03CC-44A4-BEDE-708AC3BAB315}.DebugLocal|Any CPU.ActiveCfg = Debug|Any CPU
		{5885A692-03CC-44A4-BEDE-708AC3BAB315}.DebugLocal|Any CPU.Build.0 = Debug|Any CPU
		{5885A692-03CC-44A4-BEDE-708AC3BAB315}.Development|Any CPU.ActiveCfg = Debug|Any CPU
		{5885A692-03CC-44A4-BEDE-708AC3BAB315}.Development|Any CPU.Build.0 = Debug|Any CPU
		{5885A692-03CC-44A4-BEDE-708AC3BAB315}.Release|Any CPU.ActiveCfg = Release|Any CPU
		{5885A692-03CC-44A4-BEDE-708AC3BAB315}.Release|Any CPU.Build.0 = Release|Any CPU
		{27B89129-50D5-405D-BBFD-6FD206629819}.Debug|Any CPU.ActiveCfg = Debug|Any CPU
		{27B89129-50D5-405D-BBFD-6FD206629819}.Debug|Any CPU.Build.0 = Debug|Any CPU
		{27B89129-50D5-405D-BBFD-6FD206629819}.DebugLocal|Any CPU.ActiveCfg = Debug|Any CPU
		{27B89129-50D5-405D-BBFD-6FD206629819}.DebugLocal|Any CPU.Build.0 = Debug|Any CPU
		{27B89129-50D5-405D-BBFD-6FD206629819}.Development|Any CPU.ActiveCfg = Debug|Any CPU
		{27B89129-50D5-405D-BBFD-6FD206629819}.Development|Any CPU.Build.0 = Debug|Any CPU
		{27B89129-50D5-405D-BBFD-6FD206629819}.Release|Any CPU.ActiveCfg = Release|Any CPU
		{27B89129-50D5-405D-BBFD-6FD206629819}.Release|Any CPU.Build.0 = Release|Any CPU
		{EEBB8395-050F-4C9B-97AA-35F1FF296520}.Debug|Any CPU.ActiveCfg = Debug|Any CPU
		{EEBB8395-050F-4C9B-97AA-35F1FF296520}.Debug|Any CPU.Build.0 = Debug|Any CPU
		{EEBB8395-050F-4C9B-97AA-35F1FF296520}.DebugLocal|Any CPU.ActiveCfg = Debug|Any CPU
		{EEBB8395-050F-4C9B-97AA-35F1FF296520}.DebugLocal|Any CPU.Build.0 = Debug|Any CPU
		{EEBB8395-050F-4C9B-97AA-35F1FF296520}.Development|Any CPU.ActiveCfg = Debug|Any CPU
		{EEBB8395-050F-4C9B-97AA-35F1FF296520}.Development|Any CPU.Build.0 = Debug|Any CPU
		{EEBB8395-050F-4C9B-97AA-35F1FF296520}.Release|Any CPU.ActiveCfg = Release|Any CPU
		{EEBB8395-050F-4C9B-97AA-35F1FF296520}.Release|Any CPU.Build.0 = Release|Any CPU
		{F77BEA46-9C0E-4943-AF55-35413234B9D0}.Debug|Any CPU.ActiveCfg = Development
		{F77BEA46-9C0E-4943-AF55-35413234B9D0}.Debug|Any CPU.Build.0 = Development
		{F77BEA46-9C0E-4943-AF55-35413234B9D0}.DebugLocal|Any CPU.ActiveCfg = Development
		{F77BEA46-9C0E-4943-AF55-35413234B9D0}.DebugLocal|Any CPU.Build.0 = Development
		{F77BEA46-9C0E-4943-AF55-35413234B9D0}.Development|Any CPU.ActiveCfg = Development
		{F77BEA46-9C0E-4943-AF55-35413234B9D0}.Development|Any CPU.Build.0 = Development
		{F77BEA46-9C0E-4943-AF55-35413234B9D0}.Release|Any CPU.ActiveCfg = Development
		{F77BEA46-9C0E-4943-AF55-35413234B9D0}.Release|Any CPU.Build.0 = Development
		{5FC2EC52-5917-4231-B8CC-C6D76DD68EE7}.Debug|Any CPU.ActiveCfg = Debug|Any CPU
		{5FC2EC52-5917-4231-B8CC-C6D76DD68EE7}.Debug|Any CPU.Build.0 = Debug|Any CPU
		{5FC2EC52-5917-4231-B8CC-C6D76DD68EE7}.DebugLocal|Any CPU.ActiveCfg = Debug|Any CPU
		{5FC2EC52-5917-4231-B8CC-C6D76DD68EE7}.DebugLocal|Any CPU.Build.0 = Debug|Any CPU
		{5FC2EC52-5917-4231-B8CC-C6D76DD68EE7}.Development|Any CPU.ActiveCfg = Debug|Any CPU
		{5FC2EC52-5917-4231-B8CC-C6D76DD68EE7}.Development|Any CPU.Build.0 = Debug|Any CPU
		{5FC2EC52-5917-4231-B8CC-C6D76DD68EE7}.Release|Any CPU.ActiveCfg = Release|Any CPU
		{5FC2EC52-5917-4231-B8CC-C6D76DD68EE7}.Release|Any CPU.Build.0 = Release|Any CPU
		{B3CDBCC4-F778-4F14-A9FF-255E575244BD}.Debug|Any CPU.ActiveCfg = Debug|Any CPU
		{B3CDBCC4-F778-4F14-A9FF-255E575244BD}.Debug|Any CPU.Build.0 = Debug|Any CPU
		{B3CDBCC4-F778-4F14-A9FF-255E575244BD}.DebugLocal|Any CPU.ActiveCfg = Debug|Any CPU
		{B3CDBCC4-F778-4F14-A9FF-255E575244BD}.DebugLocal|Any CPU.Build.0 = Debug|Any CPU
		{B3CDBCC4-F778-4F14-A9FF-255E575244BD}.Development|Any CPU.ActiveCfg = Debug|Any CPU
		{B3CDBCC4-F778-4F14-A9FF-255E575244BD}.Development|Any CPU.Build.0 = Debug|Any CPU
		{B3CDBCC4-F778-4F14-A9FF-255E575244BD}.Release|Any CPU.ActiveCfg = Release|Any CPU
		{B3CDBCC4-F778-4F14-A9FF-255E575244BD}.Release|Any CPU.Build.0 = Release|Any CPU
		{89FDAAFB-EA07-4465-A7DA-6D3BA7C17F11}.Debug|Any CPU.ActiveCfg = Debug|Any CPU
		{89FDAAFB-EA07-4465-A7DA-6D3BA7C17F11}.Debug|Any CPU.Build.0 = Debug|Any CPU
		{89FDAAFB-EA07-4465-A7DA-6D3BA7C17F11}.DebugLocal|Any CPU.ActiveCfg = Debug|Any CPU
		{89FDAAFB-EA07-4465-A7DA-6D3BA7C17F11}.DebugLocal|Any CPU.Build.0 = Debug|Any CPU
		{89FDAAFB-EA07-4465-A7DA-6D3BA7C17F11}.Development|Any CPU.ActiveCfg = Debug|Any CPU
		{89FDAAFB-EA07-4465-A7DA-6D3BA7C17F11}.Development|Any CPU.Build.0 = Debug|Any CPU
		{89FDAAFB-EA07-4465-A7DA-6D3BA7C17F11}.Release|Any CPU.ActiveCfg = Release|Any CPU
		{89FDAAFB-EA07-4465-A7DA-6D3BA7C17F11}.Release|Any CPU.Build.0 = Release|Any CPU
		{98C69041-9506-4FF2-BEC1-4F1D3CF37D7E}.Debug|Any CPU.ActiveCfg = Debug|Any CPU
		{98C69041-9506-4FF2-BEC1-4F1D3CF37D7E}.Debug|Any CPU.Build.0 = Debug|Any CPU
		{98C69041-9506-4FF2-BEC1-4F1D3CF37D7E}.DebugLocal|Any CPU.ActiveCfg = Debug|Any CPU
		{98C69041-9506-4FF2-BEC1-4F1D3CF37D7E}.DebugLocal|Any CPU.Build.0 = Debug|Any CPU
		{98C69041-9506-4FF2-BEC1-4F1D3CF37D7E}.Development|Any CPU.ActiveCfg = Debug|Any CPU
		{98C69041-9506-4FF2-BEC1-4F1D3CF37D7E}.Development|Any CPU.Build.0 = Debug|Any CPU
		{98C69041-9506-4FF2-BEC1-4F1D3CF37D7E}.Release|Any CPU.ActiveCfg = Release|Any CPU
		{98C69041-9506-4FF2-BEC1-4F1D3CF37D7E}.Release|Any CPU.Build.0 = Release|Any CPU
		{4597F497-6ECF-43BA-A893-5A5412A35368}.Debug|Any CPU.ActiveCfg = Debug|Any CPU
		{4597F497-6ECF-43BA-A893-5A5412A35368}.Debug|Any CPU.Build.0 = Debug|Any CPU
		{4597F497-6ECF-43BA-A893-5A5412A35368}.DebugLocal|Any CPU.ActiveCfg = Debug|Any CPU
		{4597F497-6ECF-43BA-A893-5A5412A35368}.DebugLocal|Any CPU.Build.0 = Debug|Any CPU
		{4597F497-6ECF-43BA-A893-5A5412A35368}.Development|Any CPU.ActiveCfg = Debug|Any CPU
		{4597F497-6ECF-43BA-A893-5A5412A35368}.Development|Any CPU.Build.0 = Debug|Any CPU
		{4597F497-6ECF-43BA-A893-5A5412A35368}.Release|Any CPU.ActiveCfg = Release|Any CPU
		{4597F497-6ECF-43BA-A893-5A5412A35368}.Release|Any CPU.Build.0 = Release|Any CPU
		{7A328774-F678-469A-8393-8B99E4B6A0CC}.Debug|Any CPU.ActiveCfg = Debug|Any CPU
		{7A328774-F678-469A-8393-8B99E4B6A0CC}.Debug|Any CPU.Build.0 = Debug|Any CPU
		{7A328774-F678-469A-8393-8B99E4B6A0CC}.DebugLocal|Any CPU.ActiveCfg = Debug|Any CPU
		{7A328774-F678-469A-8393-8B99E4B6A0CC}.DebugLocal|Any CPU.Build.0 = Debug|Any CPU
		{7A328774-F678-469A-8393-8B99E4B6A0CC}.Development|Any CPU.ActiveCfg = Debug|Any CPU
		{7A328774-F678-469A-8393-8B99E4B6A0CC}.Development|Any CPU.Build.0 = Debug|Any CPU
		{7A328774-F678-469A-8393-8B99E4B6A0CC}.Release|Any CPU.ActiveCfg = Release|Any CPU
		{7A328774-F678-469A-8393-8B99E4B6A0CC}.Release|Any CPU.Build.0 = Release|Any CPU
		{C1B45A85-84E1-4AC9-8069-38DBCE4E59AD}.Debug|Any CPU.ActiveCfg = Debug|Any CPU
		{C1B45A85-84E1-4AC9-8069-38DBCE4E59AD}.Debug|Any CPU.Build.0 = Debug|Any CPU
		{C1B45A85-84E1-4AC9-8069-38DBCE4E59AD}.Debug|Any CPU.Deploy.0 = Debug|Any CPU
		{C1B45A85-84E1-4AC9-8069-38DBCE4E59AD}.DebugLocal|Any CPU.ActiveCfg = Debug|Any CPU
		{C1B45A85-84E1-4AC9-8069-38DBCE4E59AD}.DebugLocal|Any CPU.Build.0 = Debug|Any CPU
		{C1B45A85-84E1-4AC9-8069-38DBCE4E59AD}.DebugLocal|Any CPU.Deploy.0 = Debug|Any CPU
		{C1B45A85-84E1-4AC9-8069-38DBCE4E59AD}.Development|Any CPU.ActiveCfg = Debug|Any CPU
		{C1B45A85-84E1-4AC9-8069-38DBCE4E59AD}.Development|Any CPU.Build.0 = Debug|Any CPU
		{C1B45A85-84E1-4AC9-8069-38DBCE4E59AD}.Development|Any CPU.Deploy.0 = Debug|Any CPU
		{C1B45A85-84E1-4AC9-8069-38DBCE4E59AD}.Release|Any CPU.ActiveCfg = Release|Any CPU
		{C1B45A85-84E1-4AC9-8069-38DBCE4E59AD}.Release|Any CPU.Build.0 = Release|Any CPU
		{C1B45A85-84E1-4AC9-8069-38DBCE4E59AD}.Release|Any CPU.Deploy.0 = Release|Any CPU
		{736436EB-F912-4D12-8748-E7B3A3E5F2D9}.Debug|Any CPU.ActiveCfg = Development
		{736436EB-F912-4D12-8748-E7B3A3E5F2D9}.Debug|Any CPU.Build.0 = Development
		{736436EB-F912-4D12-8748-E7B3A3E5F2D9}.Debug|Any CPU.Deploy.0 = Development
		{736436EB-F912-4D12-8748-E7B3A3E5F2D9}.DebugLocal|Any CPU.ActiveCfg = Development
		{736436EB-F912-4D12-8748-E7B3A3E5F2D9}.DebugLocal|Any CPU.Build.0 = Development
		{736436EB-F912-4D12-8748-E7B3A3E5F2D9}.DebugLocal|Any CPU.Deploy.0 = Development
		{736436EB-F912-4D12-8748-E7B3A3E5F2D9}.Development|Any CPU.ActiveCfg = Development
		{736436EB-F912-4D12-8748-E7B3A3E5F2D9}.Development|Any CPU.Build.0 = Development
		{736436EB-F912-4D12-8748-E7B3A3E5F2D9}.Development|Any CPU.Deploy.0 = Development
		{736436EB-F912-4D12-8748-E7B3A3E5F2D9}.Release|Any CPU.ActiveCfg = Development
		{736436EB-F912-4D12-8748-E7B3A3E5F2D9}.Release|Any CPU.Build.0 = Development
		{736436EB-F912-4D12-8748-E7B3A3E5F2D9}.Release|Any CPU.Deploy.0 = Development
		{89CE9E27-765C-486D-9DA6-71B3411AA78E}.Debug|Any CPU.ActiveCfg = Debug
		{89CE9E27-765C-486D-9DA6-71B3411AA78E}.Debug|Any CPU.Build.0 = Debug
		{89CE9E27-765C-486D-9DA6-71B3411AA78E}.Debug|Any CPU.Deploy.0 = Debug
		{89CE9E27-765C-486D-9DA6-71B3411AA78E}.DebugLocal|Any CPU.ActiveCfg = DebugLocal
		{89CE9E27-765C-486D-9DA6-71B3411AA78E}.DebugLocal|Any CPU.Build.0 = DebugLocal
		{89CE9E27-765C-486D-9DA6-71B3411AA78E}.DebugLocal|Any CPU.Deploy.0 = DebugLocal
		{89CE9E27-765C-486D-9DA6-71B3411AA78E}.Development|Any CPU.ActiveCfg = 
		{89CE9E27-765C-486D-9DA6-71B3411AA78E}.Development|Any CPU.Build.0 = 
		{89CE9E27-765C-486D-9DA6-71B3411AA78E}.Development|Any CPU.Deploy.0 = 
		{89CE9E27-765C-486D-9DA6-71B3411AA78E}.Release|Any CPU.ActiveCfg = Release
		{89CE9E27-765C-486D-9DA6-71B3411AA78E}.Release|Any CPU.Build.0 = Release
		{89CE9E27-765C-486D-9DA6-71B3411AA78E}.Release|Any CPU.Deploy.0 = Release
		{6FC403E6-C946-4381-887F-B3F5A2583172}.Debug|Any CPU.ActiveCfg = Debug|Any CPU
		{6FC403E6-C946-4381-887F-B3F5A2583172}.Debug|Any CPU.Build.0 = Debug|Any CPU
		{6FC403E6-C946-4381-887F-B3F5A2583172}.DebugLocal|Any CPU.ActiveCfg = Debug|Any CPU
		{6FC403E6-C946-4381-887F-B3F5A2583172}.DebugLocal|Any CPU.Build.0 = Debug|Any CPU
		{6FC403E6-C946-4381-887F-B3F5A2583172}.Development|Any CPU.ActiveCfg = Debug|Any CPU
		{6FC403E6-C946-4381-887F-B3F5A2583172}.Development|Any CPU.Build.0 = Debug|Any CPU
		{6FC403E6-C946-4381-887F-B3F5A2583172}.Release|Any CPU.ActiveCfg = Release|Any CPU
		{6FC403E6-C946-4381-887F-B3F5A2583172}.Release|Any CPU.Build.0 = Release|Any CPU
		{50D11E53-6F19-452F-A3A1-46E1FCB16447}.Debug|Any CPU.ActiveCfg = Debug|Any CPU
		{50D11E53-6F19-452F-A3A1-46E1FCB16447}.Debug|Any CPU.Build.0 = Debug|Any CPU
		{50D11E53-6F19-452F-A3A1-46E1FCB16447}.DebugLocal|Any CPU.ActiveCfg = Debug|Any CPU
		{50D11E53-6F19-452F-A3A1-46E1FCB16447}.DebugLocal|Any CPU.Build.0 = Debug|Any CPU
		{50D11E53-6F19-452F-A3A1-46E1FCB16447}.Development|Any CPU.ActiveCfg = Debug|Any CPU
		{50D11E53-6F19-452F-A3A1-46E1FCB16447}.Development|Any CPU.Build.0 = Debug|Any CPU
		{50D11E53-6F19-452F-A3A1-46E1FCB16447}.Release|Any CPU.ActiveCfg = Release|Any CPU
		{50D11E53-6F19-452F-A3A1-46E1FCB16447}.Release|Any CPU.Build.0 = Release|Any CPU
		{F1B2FDA6-DCD6-4756-BABE-2D5535729F1E}.Debug|Any CPU.ActiveCfg = Debug|Any CPU
		{F1B2FDA6-DCD6-4756-BABE-2D5535729F1E}.Debug|Any CPU.Build.0 = Debug|Any CPU
		{F1B2FDA6-DCD6-4756-BABE-2D5535729F1E}.DebugLocal|Any CPU.ActiveCfg = Debug|Any CPU
		{F1B2FDA6-DCD6-4756-BABE-2D5535729F1E}.DebugLocal|Any CPU.Build.0 = Debug|Any CPU
		{F1B2FDA6-DCD6-4756-BABE-2D5535729F1E}.Development|Any CPU.ActiveCfg = Debug|Any CPU
		{F1B2FDA6-DCD6-4756-BABE-2D5535729F1E}.Development|Any CPU.Build.0 = Debug|Any CPU
		{F1B2FDA6-DCD6-4756-BABE-2D5535729F1E}.Release|Any CPU.ActiveCfg = Release|Any CPU
		{F1B2FDA6-DCD6-4756-BABE-2D5535729F1E}.Release|Any CPU.Build.0 = Release|Any CPU
		{C53CF359-0CFB-4844-BCAC-2AA1B7B08E54}.Debug|Any CPU.ActiveCfg = Debug|Any CPU
		{C53CF359-0CFB-4844-BCAC-2AA1B7B08E54}.Debug|Any CPU.Build.0 = Debug|Any CPU
		{C53CF359-0CFB-4844-BCAC-2AA1B7B08E54}.DebugLocal|Any CPU.ActiveCfg = Debug|Any CPU
		{C53CF359-0CFB-4844-BCAC-2AA1B7B08E54}.DebugLocal|Any CPU.Build.0 = Debug|Any CPU
		{C53CF359-0CFB-4844-BCAC-2AA1B7B08E54}.Development|Any CPU.ActiveCfg = Debug|Any CPU
		{C53CF359-0CFB-4844-BCAC-2AA1B7B08E54}.Development|Any CPU.Build.0 = Debug|Any CPU
		{C53CF359-0CFB-4844-BCAC-2AA1B7B08E54}.Release|Any CPU.ActiveCfg = Release|Any CPU
		{C53CF359-0CFB-4844-BCAC-2AA1B7B08E54}.Release|Any CPU.Build.0 = Release|Any CPU
		{CEC224E9-15EA-4DCC-8830-DE137ECD31BC}.Debug|Any CPU.ActiveCfg = Debug|Any CPU
		{CEC224E9-15EA-4DCC-8830-DE137ECD31BC}.Debug|Any CPU.Build.0 = Debug|Any CPU
		{CEC224E9-15EA-4DCC-8830-DE137ECD31BC}.DebugLocal|Any CPU.ActiveCfg = Debug|Any CPU
		{CEC224E9-15EA-4DCC-8830-DE137ECD31BC}.DebugLocal|Any CPU.Build.0 = Debug|Any CPU
		{CEC224E9-15EA-4DCC-8830-DE137ECD31BC}.Development|Any CPU.ActiveCfg = Debug|Any CPU
		{CEC224E9-15EA-4DCC-8830-DE137ECD31BC}.Development|Any CPU.Build.0 = Debug|Any CPU
		{CEC224E9-15EA-4DCC-8830-DE137ECD31BC}.Release|Any CPU.ActiveCfg = Release|Any CPU
		{CEC224E9-15EA-4DCC-8830-DE137ECD31BC}.Release|Any CPU.Build.0 = Release|Any CPU
		{A9C984CE-5905-43DF-A9E1-16B634FBFB99}.Debug|Any CPU.ActiveCfg = Debug|Any CPU
		{A9C984CE-5905-43DF-A9E1-16B634FBFB99}.Debug|Any CPU.Build.0 = Debug|Any CPU
		{A9C984CE-5905-43DF-A9E1-16B634FBFB99}.DebugLocal|Any CPU.ActiveCfg = Debug|Any CPU
		{A9C984CE-5905-43DF-A9E1-16B634FBFB99}.DebugLocal|Any CPU.Build.0 = Debug|Any CPU
		{A9C984CE-5905-43DF-A9E1-16B634FBFB99}.Development|Any CPU.ActiveCfg = Debug|Any CPU
		{A9C984CE-5905-43DF-A9E1-16B634FBFB99}.Development|Any CPU.Build.0 = Debug|Any CPU
		{A9C984CE-5905-43DF-A9E1-16B634FBFB99}.Release|Any CPU.ActiveCfg = Release|Any CPU
		{A9C984CE-5905-43DF-A9E1-16B634FBFB99}.Release|Any CPU.Build.0 = Release|Any CPU
		{2843540A-5345-4CA8-8336-531210A6280D}.Debug|Any CPU.ActiveCfg = Debug|Any CPU
		{2843540A-5345-4CA8-8336-531210A6280D}.Debug|Any CPU.Build.0 = Debug|Any CPU
		{2843540A-5345-4CA8-8336-531210A6280D}.DebugLocal|Any CPU.ActiveCfg = Debug|Any CPU
		{2843540A-5345-4CA8-8336-531210A6280D}.DebugLocal|Any CPU.Build.0 = Debug|Any CPU
		{2843540A-5345-4CA8-8336-531210A6280D}.Development|Any CPU.ActiveCfg = Debug|Any CPU
		{2843540A-5345-4CA8-8336-531210A6280D}.Development|Any CPU.Build.0 = Debug|Any CPU
		{2843540A-5345-4CA8-8336-531210A6280D}.Release|Any CPU.ActiveCfg = Release|Any CPU
		{2843540A-5345-4CA8-8336-531210A6280D}.Release|Any CPU.Build.0 = Release|Any CPU
		{FF7A5D74-B313-417C-84E5-4A7EA2F1F21D}.Debug|Any CPU.ActiveCfg = Debug|Any CPU
		{FF7A5D74-B313-417C-84E5-4A7EA2F1F21D}.Debug|Any CPU.Build.0 = Debug|Any CPU
		{FF7A5D74-B313-417C-84E5-4A7EA2F1F21D}.DebugLocal|Any CPU.ActiveCfg = Debug|Any CPU
		{FF7A5D74-B313-417C-84E5-4A7EA2F1F21D}.DebugLocal|Any CPU.Build.0 = Debug|Any CPU
		{FF7A5D74-B313-417C-84E5-4A7EA2F1F21D}.Development|Any CPU.ActiveCfg = Debug|Any CPU
		{FF7A5D74-B313-417C-84E5-4A7EA2F1F21D}.Development|Any CPU.Build.0 = Debug|Any CPU
		{FF7A5D74-B313-417C-84E5-4A7EA2F1F21D}.Release|Any CPU.ActiveCfg = Release|Any CPU
		{FF7A5D74-B313-417C-84E5-4A7EA2F1F21D}.Release|Any CPU.Build.0 = Release|Any CPU
		{16683ACA-EABE-4FF7-8511-663F166ED211}.Debug|Any CPU.ActiveCfg = Debug|Any CPU
		{16683ACA-EABE-4FF7-8511-663F166ED211}.Debug|Any CPU.Build.0 = Debug|Any CPU
		{16683ACA-EABE-4FF7-8511-663F166ED211}.DebugLocal|Any CPU.ActiveCfg = Debug|Any CPU
		{16683ACA-EABE-4FF7-8511-663F166ED211}.DebugLocal|Any CPU.Build.0 = Debug|Any CPU
		{16683ACA-EABE-4FF7-8511-663F166ED211}.Development|Any CPU.ActiveCfg = Debug|Any CPU
		{16683ACA-EABE-4FF7-8511-663F166ED211}.Development|Any CPU.Build.0 = Debug|Any CPU
		{16683ACA-EABE-4FF7-8511-663F166ED211}.Release|Any CPU.ActiveCfg = Release|Any CPU
		{16683ACA-EABE-4FF7-8511-663F166ED211}.Release|Any CPU.Build.0 = Release|Any CPU
		{3A8D810C-804D-4E9F-BAB4-835EDF31CBF5}.Debug|Any CPU.ActiveCfg = Debug|Any CPU
		{3A8D810C-804D-4E9F-BAB4-835EDF31CBF5}.Debug|Any CPU.Build.0 = Debug|Any CPU
		{3A8D810C-804D-4E9F-BAB4-835EDF31CBF5}.DebugLocal|Any CPU.ActiveCfg = Debug|Any CPU
		{3A8D810C-804D-4E9F-BAB4-835EDF31CBF5}.DebugLocal|Any CPU.Build.0 = Debug|Any CPU
		{3A8D810C-804D-4E9F-BAB4-835EDF31CBF5}.Development|Any CPU.ActiveCfg = Debug|Any CPU
		{3A8D810C-804D-4E9F-BAB4-835EDF31CBF5}.Development|Any CPU.Build.0 = Debug|Any CPU
		{3A8D810C-804D-4E9F-BAB4-835EDF31CBF5}.Release|Any CPU.ActiveCfg = Release|Any CPU
		{3A8D810C-804D-4E9F-BAB4-835EDF31CBF5}.Release|Any CPU.Build.0 = Release|Any CPU
		{6C970A5D-F430-436C-B496-A3EE40EDC290}.Debug|Any CPU.ActiveCfg = Debug|Any CPU
		{6C970A5D-F430-436C-B496-A3EE40EDC290}.Debug|Any CPU.Build.0 = Debug|Any CPU
		{6C970A5D-F430-436C-B496-A3EE40EDC290}.DebugLocal|Any CPU.ActiveCfg = Debug|Any CPU
		{6C970A5D-F430-436C-B496-A3EE40EDC290}.DebugLocal|Any CPU.Build.0 = Debug|Any CPU
		{6C970A5D-F430-436C-B496-A3EE40EDC290}.Development|Any CPU.ActiveCfg = Debug|Any CPU
		{6C970A5D-F430-436C-B496-A3EE40EDC290}.Development|Any CPU.Build.0 = Debug|Any CPU
		{6C970A5D-F430-436C-B496-A3EE40EDC290}.Release|Any CPU.ActiveCfg = Release|Any CPU
		{6C970A5D-F430-436C-B496-A3EE40EDC290}.Release|Any CPU.Build.0 = Release|Any CPU
		{53204EA7-9C21-49CB-BC8D-A1192F843619}.Debug|Any CPU.ActiveCfg = Debug|Any CPU
		{53204EA7-9C21-49CB-BC8D-A1192F843619}.Debug|Any CPU.Build.0 = Debug|Any CPU
		{53204EA7-9C21-49CB-BC8D-A1192F843619}.DebugLocal|Any CPU.ActiveCfg = Debug|Any CPU
		{53204EA7-9C21-49CB-BC8D-A1192F843619}.DebugLocal|Any CPU.Build.0 = Debug|Any CPU
		{53204EA7-9C21-49CB-BC8D-A1192F843619}.Development|Any CPU.ActiveCfg = Debug|Any CPU
		{53204EA7-9C21-49CB-BC8D-A1192F843619}.Development|Any CPU.Build.0 = Debug|Any CPU
		{53204EA7-9C21-49CB-BC8D-A1192F843619}.Release|Any CPU.ActiveCfg = Release|Any CPU
		{53204EA7-9C21-49CB-BC8D-A1192F843619}.Release|Any CPU.Build.0 = Release|Any CPU
		{B82714C3-9A51-43E4-A1C6-50488F6DBC4F}.Debug|Any CPU.ActiveCfg = Debug|Any CPU
		{B82714C3-9A51-43E4-A1C6-50488F6DBC4F}.Debug|Any CPU.Build.0 = Debug|Any CPU
		{B82714C3-9A51-43E4-A1C6-50488F6DBC4F}.DebugLocal|Any CPU.ActiveCfg = Debug|Any CPU
		{B82714C3-9A51-43E4-A1C6-50488F6DBC4F}.DebugLocal|Any CPU.Build.0 = Debug|Any CPU
		{B82714C3-9A51-43E4-A1C6-50488F6DBC4F}.Development|Any CPU.ActiveCfg = Debug|Any CPU
		{B82714C3-9A51-43E4-A1C6-50488F6DBC4F}.Development|Any CPU.Build.0 = Debug|Any CPU
		{B82714C3-9A51-43E4-A1C6-50488F6DBC4F}.Release|Any CPU.ActiveCfg = Release|Any CPU
		{B82714C3-9A51-43E4-A1C6-50488F6DBC4F}.Release|Any CPU.Build.0 = Release|Any CPU
		{8F54892A-588A-4430-A338-54A636C4A798}.Debug|Any CPU.ActiveCfg = Debug|Any CPU
		{8F54892A-588A-4430-A338-54A636C4A798}.Debug|Any CPU.Build.0 = Debug|Any CPU
		{8F54892A-588A-4430-A338-54A636C4A798}.DebugLocal|Any CPU.ActiveCfg = Debug|Any CPU
		{8F54892A-588A-4430-A338-54A636C4A798}.DebugLocal|Any CPU.Build.0 = Debug|Any CPU
		{8F54892A-588A-4430-A338-54A636C4A798}.Development|Any CPU.ActiveCfg = Debug|Any CPU
		{8F54892A-588A-4430-A338-54A636C4A798}.Development|Any CPU.Build.0 = Debug|Any CPU
		{8F54892A-588A-4430-A338-54A636C4A798}.Release|Any CPU.ActiveCfg = Release|Any CPU
		{8F54892A-588A-4430-A338-54A636C4A798}.Release|Any CPU.Build.0 = Release|Any CPU
		{5A8B29E8-E78F-4A25-A509-CF6F5ABA462E}.Debug|Any CPU.ActiveCfg = Debug|Any CPU
		{5A8B29E8-E78F-4A25-A509-CF6F5ABA462E}.Debug|Any CPU.Build.0 = Debug|Any CPU
		{5A8B29E8-E78F-4A25-A509-CF6F5ABA462E}.DebugLocal|Any CPU.ActiveCfg = Debug|Any CPU
		{5A8B29E8-E78F-4A25-A509-CF6F5ABA462E}.DebugLocal|Any CPU.Build.0 = Debug|Any CPU
		{5A8B29E8-E78F-4A25-A509-CF6F5ABA462E}.Development|Any CPU.ActiveCfg = Debug|Any CPU
		{5A8B29E8-E78F-4A25-A509-CF6F5ABA462E}.Development|Any CPU.Build.0 = Debug|Any CPU
		{5A8B29E8-E78F-4A25-A509-CF6F5ABA462E}.Release|Any CPU.ActiveCfg = Release|Any CPU
		{5A8B29E8-E78F-4A25-A509-CF6F5ABA462E}.Release|Any CPU.Build.0 = Release|Any CPU
		{FF5EB29B-0FED-4BDC-8A8E-6195B5E669F6}.Debug|Any CPU.ActiveCfg = Debug|Any CPU
		{FF5EB29B-0FED-4BDC-8A8E-6195B5E669F6}.Debug|Any CPU.Build.0 = Debug|Any CPU
		{FF5EB29B-0FED-4BDC-8A8E-6195B5E669F6}.DebugLocal|Any CPU.ActiveCfg = Debug|Any CPU
		{FF5EB29B-0FED-4BDC-8A8E-6195B5E669F6}.DebugLocal|Any CPU.Build.0 = Debug|Any CPU
		{FF5EB29B-0FED-4BDC-8A8E-6195B5E669F6}.Development|Any CPU.ActiveCfg = Debug|Any CPU
		{FF5EB29B-0FED-4BDC-8A8E-6195B5E669F6}.Development|Any CPU.Build.0 = Debug|Any CPU
		{FF5EB29B-0FED-4BDC-8A8E-6195B5E669F6}.Release|Any CPU.ActiveCfg = Release|Any CPU
		{FF5EB29B-0FED-4BDC-8A8E-6195B5E669F6}.Release|Any CPU.Build.0 = Release|Any CPU
		{90590CE2-AC74-483A-9B20-9A222F95D7D3}.Debug|Any CPU.ActiveCfg = Debug|Any CPU
		{90590CE2-AC74-483A-9B20-9A222F95D7D3}.Debug|Any CPU.Build.0 = Debug|Any CPU
		{90590CE2-AC74-483A-9B20-9A222F95D7D3}.DebugLocal|Any CPU.ActiveCfg = Debug|Any CPU
		{90590CE2-AC74-483A-9B20-9A222F95D7D3}.DebugLocal|Any CPU.Build.0 = Debug|Any CPU
		{90590CE2-AC74-483A-9B20-9A222F95D7D3}.Development|Any CPU.ActiveCfg = Debug|Any CPU
		{90590CE2-AC74-483A-9B20-9A222F95D7D3}.Development|Any CPU.Build.0 = Debug|Any CPU
		{90590CE2-AC74-483A-9B20-9A222F95D7D3}.Release|Any CPU.ActiveCfg = Release|Any CPU
		{90590CE2-AC74-483A-9B20-9A222F95D7D3}.Release|Any CPU.Build.0 = Release|Any CPU
		{146AA4FB-2391-48F3-8937-844049C17FB3}.Debug|Any CPU.ActiveCfg = Debug|Any CPU
		{146AA4FB-2391-48F3-8937-844049C17FB3}.Debug|Any CPU.Build.0 = Debug|Any CPU
		{146AA4FB-2391-48F3-8937-844049C17FB3}.DebugLocal|Any CPU.ActiveCfg = Debug|Any CPU
		{146AA4FB-2391-48F3-8937-844049C17FB3}.DebugLocal|Any CPU.Build.0 = Debug|Any CPU
		{146AA4FB-2391-48F3-8937-844049C17FB3}.Development|Any CPU.ActiveCfg = Debug|Any CPU
		{146AA4FB-2391-48F3-8937-844049C17FB3}.Development|Any CPU.Build.0 = Debug|Any CPU
		{146AA4FB-2391-48F3-8937-844049C17FB3}.Release|Any CPU.ActiveCfg = Release|Any CPU
		{146AA4FB-2391-48F3-8937-844049C17FB3}.Release|Any CPU.Build.0 = Release|Any CPU
		{6A6D3129-BCB3-4C92-AB61-53369BCD4955}.Debug|Any CPU.ActiveCfg = Debug|Any CPU
		{6A6D3129-BCB3-4C92-AB61-53369BCD4955}.Debug|Any CPU.Build.0 = Debug|Any CPU
		{6A6D3129-BCB3-4C92-AB61-53369BCD4955}.DebugLocal|Any CPU.ActiveCfg = Debug|Any CPU
		{6A6D3129-BCB3-4C92-AB61-53369BCD4955}.DebugLocal|Any CPU.Build.0 = Debug|Any CPU
		{6A6D3129-BCB3-4C92-AB61-53369BCD4955}.Development|Any CPU.ActiveCfg = Debug|Any CPU
		{6A6D3129-BCB3-4C92-AB61-53369BCD4955}.Development|Any CPU.Build.0 = Debug|Any CPU
		{6A6D3129-BCB3-4C92-AB61-53369BCD4955}.Release|Any CPU.ActiveCfg = Release|Any CPU
		{6A6D3129-BCB3-4C92-AB61-53369BCD4955}.Release|Any CPU.Build.0 = Release|Any CPU
		{831A1E73-BBCB-4EFA-AF48-5CB8DCF5A612}.Debug|Any CPU.ActiveCfg = Debug|Any CPU
		{831A1E73-BBCB-4EFA-AF48-5CB8DCF5A612}.Debug|Any CPU.Build.0 = Debug|Any CPU
		{831A1E73-BBCB-4EFA-AF48-5CB8DCF5A612}.DebugLocal|Any CPU.ActiveCfg = Debug|Any CPU
		{831A1E73-BBCB-4EFA-AF48-5CB8DCF5A612}.DebugLocal|Any CPU.Build.0 = Debug|Any CPU
		{831A1E73-BBCB-4EFA-AF48-5CB8DCF5A612}.Development|Any CPU.ActiveCfg = Debug|Any CPU
		{831A1E73-BBCB-4EFA-AF48-5CB8DCF5A612}.Development|Any CPU.Build.0 = Debug|Any CPU
		{831A1E73-BBCB-4EFA-AF48-5CB8DCF5A612}.Release|Any CPU.ActiveCfg = Release|Any CPU
		{831A1E73-BBCB-4EFA-AF48-5CB8DCF5A612}.Release|Any CPU.Build.0 = Release|Any CPU
		{52C2D6D0-F992-474D-B60B-1BBB88CC02C9}.Debug|Any CPU.ActiveCfg = Debug|Any CPU
		{52C2D6D0-F992-474D-B60B-1BBB88CC02C9}.Debug|Any CPU.Build.0 = Debug|Any CPU
		{52C2D6D0-F992-474D-B60B-1BBB88CC02C9}.DebugLocal|Any CPU.ActiveCfg = Debug|Any CPU
		{52C2D6D0-F992-474D-B60B-1BBB88CC02C9}.DebugLocal|Any CPU.Build.0 = Debug|Any CPU
		{52C2D6D0-F992-474D-B60B-1BBB88CC02C9}.Development|Any CPU.ActiveCfg = Debug|Any CPU
		{52C2D6D0-F992-474D-B60B-1BBB88CC02C9}.Development|Any CPU.Build.0 = Debug|Any CPU
		{52C2D6D0-F992-474D-B60B-1BBB88CC02C9}.Release|Any CPU.ActiveCfg = Release|Any CPU
		{52C2D6D0-F992-474D-B60B-1BBB88CC02C9}.Release|Any CPU.Build.0 = Release|Any CPU
		{7377DE37-9A8A-41F7-9D80-7C34A4E9F7E6}.Debug|Any CPU.ActiveCfg = Debug|Any CPU
		{7377DE37-9A8A-41F7-9D80-7C34A4E9F7E6}.Debug|Any CPU.Build.0 = Debug|Any CPU
		{7377DE37-9A8A-41F7-9D80-7C34A4E9F7E6}.DebugLocal|Any CPU.ActiveCfg = Debug|Any CPU
		{7377DE37-9A8A-41F7-9D80-7C34A4E9F7E6}.DebugLocal|Any CPU.Build.0 = Debug|Any CPU
		{7377DE37-9A8A-41F7-9D80-7C34A4E9F7E6}.Development|Any CPU.ActiveCfg = Debug|Any CPU
		{7377DE37-9A8A-41F7-9D80-7C34A4E9F7E6}.Development|Any CPU.Build.0 = Debug|Any CPU
		{7377DE37-9A8A-41F7-9D80-7C34A4E9F7E6}.Release|Any CPU.ActiveCfg = Release|Any CPU
		{7377DE37-9A8A-41F7-9D80-7C34A4E9F7E6}.Release|Any CPU.Build.0 = Release|Any CPU
		{1EC14231-0078-4482-9898-6B730BA03253}.Debug|Any CPU.ActiveCfg = Debug|Any CPU
		{1EC14231-0078-4482-9898-6B730BA03253}.Debug|Any CPU.Build.0 = Debug|Any CPU
		{1EC14231-0078-4482-9898-6B730BA03253}.DebugLocal|Any CPU.ActiveCfg = Debug|Any CPU
		{1EC14231-0078-4482-9898-6B730BA03253}.DebugLocal|Any CPU.Build.0 = Debug|Any CPU
		{1EC14231-0078-4482-9898-6B730BA03253}.Development|Any CPU.ActiveCfg = Debug|Any CPU
		{1EC14231-0078-4482-9898-6B730BA03253}.Development|Any CPU.Build.0 = Debug|Any CPU
		{1EC14231-0078-4482-9898-6B730BA03253}.Release|Any CPU.ActiveCfg = Release|Any CPU
		{1EC14231-0078-4482-9898-6B730BA03253}.Release|Any CPU.Build.0 = Release|Any CPU
		{C4C9E58B-BA7E-4673-9C99-F6667C579F6C}.Debug|Any CPU.ActiveCfg = Debug|Any CPU
		{C4C9E58B-BA7E-4673-9C99-F6667C579F6C}.Debug|Any CPU.Build.0 = Debug|Any CPU
		{C4C9E58B-BA7E-4673-9C99-F6667C579F6C}.DebugLocal|Any CPU.ActiveCfg = Debug|Any CPU
		{C4C9E58B-BA7E-4673-9C99-F6667C579F6C}.DebugLocal|Any CPU.Build.0 = Debug|Any CPU
		{C4C9E58B-BA7E-4673-9C99-F6667C579F6C}.Development|Any CPU.ActiveCfg = Debug|Any CPU
		{C4C9E58B-BA7E-4673-9C99-F6667C579F6C}.Development|Any CPU.Build.0 = Debug|Any CPU
		{C4C9E58B-BA7E-4673-9C99-F6667C579F6C}.Release|Any CPU.ActiveCfg = Release|Any CPU
		{C4C9E58B-BA7E-4673-9C99-F6667C579F6C}.Release|Any CPU.Build.0 = Release|Any CPU
		{E5FCE292-AC34-4AE2-BD09-4E2F1A3FE84C}.Debug|Any CPU.ActiveCfg = Debug|Any CPU
		{E5FCE292-AC34-4AE2-BD09-4E2F1A3FE84C}.Debug|Any CPU.Build.0 = Debug|Any CPU
		{E5FCE292-AC34-4AE2-BD09-4E2F1A3FE84C}.DebugLocal|Any CPU.ActiveCfg = Debug|Any CPU
		{E5FCE292-AC34-4AE2-BD09-4E2F1A3FE84C}.DebugLocal|Any CPU.Build.0 = Debug|Any CPU
		{E5FCE292-AC34-4AE2-BD09-4E2F1A3FE84C}.Development|Any CPU.ActiveCfg = Debug|Any CPU
		{E5FCE292-AC34-4AE2-BD09-4E2F1A3FE84C}.Development|Any CPU.Build.0 = Debug|Any CPU
		{E5FCE292-AC34-4AE2-BD09-4E2F1A3FE84C}.Release|Any CPU.ActiveCfg = Release|Any CPU
		{E5FCE292-AC34-4AE2-BD09-4E2F1A3FE84C}.Release|Any CPU.Build.0 = Release|Any CPU
		{A46D22C2-B16D-4CB9-BDA9-C40F887C37F6}.Debug|Any CPU.ActiveCfg = Debug|Any CPU
		{A46D22C2-B16D-4CB9-BDA9-C40F887C37F6}.Debug|Any CPU.Build.0 = Debug|Any CPU
		{A46D22C2-B16D-4CB9-BDA9-C40F887C37F6}.DebugLocal|Any CPU.ActiveCfg = Debug|Any CPU
		{A46D22C2-B16D-4CB9-BDA9-C40F887C37F6}.DebugLocal|Any CPU.Build.0 = Debug|Any CPU
		{A46D22C2-B16D-4CB9-BDA9-C40F887C37F6}.Development|Any CPU.ActiveCfg = Debug|Any CPU
		{A46D22C2-B16D-4CB9-BDA9-C40F887C37F6}.Development|Any CPU.Build.0 = Debug|Any CPU
		{A46D22C2-B16D-4CB9-BDA9-C40F887C37F6}.Release|Any CPU.ActiveCfg = Release|Any CPU
		{A46D22C2-B16D-4CB9-BDA9-C40F887C37F6}.Release|Any CPU.Build.0 = Release|Any CPU
		{EDF420C2-3931-4395-B023-E8423C373A18}.Debug|Any CPU.ActiveCfg = Debug|Any CPU
		{EDF420C2-3931-4395-B023-E8423C373A18}.Debug|Any CPU.Build.0 = Debug|Any CPU
		{EDF420C2-3931-4395-B023-E8423C373A18}.DebugLocal|Any CPU.ActiveCfg = Debug|Any CPU
		{EDF420C2-3931-4395-B023-E8423C373A18}.DebugLocal|Any CPU.Build.0 = Debug|Any CPU
		{EDF420C2-3931-4395-B023-E8423C373A18}.Development|Any CPU.ActiveCfg = Debug|Any CPU
		{EDF420C2-3931-4395-B023-E8423C373A18}.Development|Any CPU.Build.0 = Debug|Any CPU
		{EDF420C2-3931-4395-B023-E8423C373A18}.Release|Any CPU.ActiveCfg = Release|Any CPU
		{EDF420C2-3931-4395-B023-E8423C373A18}.Release|Any CPU.Build.0 = Release|Any CPU
		{9AC6F16F-BF0E-4F30-BDA1-667D276943F0}.Debug|Any CPU.ActiveCfg = Debug|Any CPU
		{9AC6F16F-BF0E-4F30-BDA1-667D276943F0}.Debug|Any CPU.Build.0 = Debug|Any CPU
		{9AC6F16F-BF0E-4F30-BDA1-667D276943F0}.DebugLocal|Any CPU.ActiveCfg = Debug|Any CPU
		{9AC6F16F-BF0E-4F30-BDA1-667D276943F0}.DebugLocal|Any CPU.Build.0 = Debug|Any CPU
		{9AC6F16F-BF0E-4F30-BDA1-667D276943F0}.Development|Any CPU.ActiveCfg = Debug|Any CPU
		{9AC6F16F-BF0E-4F30-BDA1-667D276943F0}.Development|Any CPU.Build.0 = Debug|Any CPU
		{9AC6F16F-BF0E-4F30-BDA1-667D276943F0}.Release|Any CPU.ActiveCfg = Release|Any CPU
		{9AC6F16F-BF0E-4F30-BDA1-667D276943F0}.Release|Any CPU.Build.0 = Release|Any CPU
		{6140A499-F443-44E0-924D-8923617F7D1F}.Debug|Any CPU.ActiveCfg = Debug|Any CPU
		{6140A499-F443-44E0-924D-8923617F7D1F}.Debug|Any CPU.Build.0 = Debug|Any CPU
		{6140A499-F443-44E0-924D-8923617F7D1F}.DebugLocal|Any CPU.ActiveCfg = Debug|Any CPU
		{6140A499-F443-44E0-924D-8923617F7D1F}.DebugLocal|Any CPU.Build.0 = Debug|Any CPU
		{6140A499-F443-44E0-924D-8923617F7D1F}.Development|Any CPU.ActiveCfg = Debug|Any CPU
		{6140A499-F443-44E0-924D-8923617F7D1F}.Development|Any CPU.Build.0 = Debug|Any CPU
		{6140A499-F443-44E0-924D-8923617F7D1F}.Release|Any CPU.ActiveCfg = Release|Any CPU
		{6140A499-F443-44E0-924D-8923617F7D1F}.Release|Any CPU.Build.0 = Release|Any CPU
		{6D2A40C1-AF88-462D-AD2F-295285B681AB}.Debug|Any CPU.ActiveCfg = Debug|Any CPU
		{6D2A40C1-AF88-462D-AD2F-295285B681AB}.Debug|Any CPU.Build.0 = Debug|Any CPU
		{6D2A40C1-AF88-462D-AD2F-295285B681AB}.DebugLocal|Any CPU.ActiveCfg = Debug|Any CPU
		{6D2A40C1-AF88-462D-AD2F-295285B681AB}.DebugLocal|Any CPU.Build.0 = Debug|Any CPU
		{6D2A40C1-AF88-462D-AD2F-295285B681AB}.Development|Any CPU.ActiveCfg = Debug|Any CPU
		{6D2A40C1-AF88-462D-AD2F-295285B681AB}.Development|Any CPU.Build.0 = Debug|Any CPU
		{6D2A40C1-AF88-462D-AD2F-295285B681AB}.Release|Any CPU.ActiveCfg = Release|Any CPU
		{6D2A40C1-AF88-462D-AD2F-295285B681AB}.Release|Any CPU.Build.0 = Release|Any CPU
		{90F0FA7B-5643-4791-ACFD-72DCD3C65A93}.Debug|Any CPU.ActiveCfg = Debug|Any CPU
		{90F0FA7B-5643-4791-ACFD-72DCD3C65A93}.Debug|Any CPU.Build.0 = Debug|Any CPU
		{90F0FA7B-5643-4791-ACFD-72DCD3C65A93}.DebugLocal|Any CPU.ActiveCfg = Debug|Any CPU
		{90F0FA7B-5643-4791-ACFD-72DCD3C65A93}.DebugLocal|Any CPU.Build.0 = Debug|Any CPU
		{90F0FA7B-5643-4791-ACFD-72DCD3C65A93}.Development|Any CPU.ActiveCfg = Debug|Any CPU
		{90F0FA7B-5643-4791-ACFD-72DCD3C65A93}.Development|Any CPU.Build.0 = Debug|Any CPU
		{90F0FA7B-5643-4791-ACFD-72DCD3C65A93}.Release|Any CPU.ActiveCfg = Release|Any CPU
		{90F0FA7B-5643-4791-ACFD-72DCD3C65A93}.Release|Any CPU.Build.0 = Release|Any CPU
		{7D91CC28-B879-4329-B149-68DC72C86727}.Debug|Any CPU.ActiveCfg = Debug|Any CPU
		{7D91CC28-B879-4329-B149-68DC72C86727}.Debug|Any CPU.Build.0 = Debug|Any CPU
		{7D91CC28-B879-4329-B149-68DC72C86727}.DebugLocal|Any CPU.ActiveCfg = Debug|Any CPU
		{7D91CC28-B879-4329-B149-68DC72C86727}.DebugLocal|Any CPU.Build.0 = Debug|Any CPU
		{7D91CC28-B879-4329-B149-68DC72C86727}.Development|Any CPU.ActiveCfg = Debug|Any CPU
		{7D91CC28-B879-4329-B149-68DC72C86727}.Development|Any CPU.Build.0 = Debug|Any CPU
		{7D91CC28-B879-4329-B149-68DC72C86727}.Release|Any CPU.ActiveCfg = Release|Any CPU
		{7D91CC28-B879-4329-B149-68DC72C86727}.Release|Any CPU.Build.0 = Release|Any CPU
		{B2C65251-8F54-4F03-A8AA-228983381325}.Debug|Any CPU.ActiveCfg = Debug|Any CPU
		{B2C65251-8F54-4F03-A8AA-228983381325}.Debug|Any CPU.Build.0 = Debug|Any CPU
		{B2C65251-8F54-4F03-A8AA-228983381325}.DebugLocal|Any CPU.ActiveCfg = Debug|Any CPU
		{B2C65251-8F54-4F03-A8AA-228983381325}.DebugLocal|Any CPU.Build.0 = Debug|Any CPU
		{B2C65251-8F54-4F03-A8AA-228983381325}.Development|Any CPU.ActiveCfg = Debug|Any CPU
		{B2C65251-8F54-4F03-A8AA-228983381325}.Development|Any CPU.Build.0 = Debug|Any CPU
		{B2C65251-8F54-4F03-A8AA-228983381325}.Release|Any CPU.ActiveCfg = Release|Any CPU
		{B2C65251-8F54-4F03-A8AA-228983381325}.Release|Any CPU.Build.0 = Release|Any CPU
		{EFE608E7-A051-488F-94CD-4D526DDDA2DB}.Debug|Any CPU.ActiveCfg = Debug|Any CPU
		{EFE608E7-A051-488F-94CD-4D526DDDA2DB}.Debug|Any CPU.Build.0 = Debug|Any CPU
		{EFE608E7-A051-488F-94CD-4D526DDDA2DB}.DebugLocal|Any CPU.ActiveCfg = Debug|Any CPU
		{EFE608E7-A051-488F-94CD-4D526DDDA2DB}.DebugLocal|Any CPU.Build.0 = Debug|Any CPU
		{EFE608E7-A051-488F-94CD-4D526DDDA2DB}.Development|Any CPU.ActiveCfg = Debug|Any CPU
		{EFE608E7-A051-488F-94CD-4D526DDDA2DB}.Development|Any CPU.Build.0 = Debug|Any CPU
		{EFE608E7-A051-488F-94CD-4D526DDDA2DB}.Release|Any CPU.ActiveCfg = Release|Any CPU
		{EFE608E7-A051-488F-94CD-4D526DDDA2DB}.Release|Any CPU.Build.0 = Release|Any CPU
		{3CFC577C-7A7B-4C57-8A49-9F30F2DD79A8}.Debug|Any CPU.ActiveCfg = Debug|Any CPU
		{3CFC577C-7A7B-4C57-8A49-9F30F2DD79A8}.Debug|Any CPU.Build.0 = Debug|Any CPU
		{3CFC577C-7A7B-4C57-8A49-9F30F2DD79A8}.DebugLocal|Any CPU.ActiveCfg = Debug|Any CPU
		{3CFC577C-7A7B-4C57-8A49-9F30F2DD79A8}.DebugLocal|Any CPU.Build.0 = Debug|Any CPU
		{3CFC577C-7A7B-4C57-8A49-9F30F2DD79A8}.Development|Any CPU.ActiveCfg = Debug|Any CPU
		{3CFC577C-7A7B-4C57-8A49-9F30F2DD79A8}.Development|Any CPU.Build.0 = Debug|Any CPU
		{3CFC577C-7A7B-4C57-8A49-9F30F2DD79A8}.Release|Any CPU.ActiveCfg = Release|Any CPU
		{3CFC577C-7A7B-4C57-8A49-9F30F2DD79A8}.Release|Any CPU.Build.0 = Release|Any CPU
		{F12DC925-70B9-4650-B9ED-860F1C5BDF81}.Debug|Any CPU.ActiveCfg = Debug|Any CPU
		{F12DC925-70B9-4650-B9ED-860F1C5BDF81}.Debug|Any CPU.Build.0 = Debug|Any CPU
		{F12DC925-70B9-4650-B9ED-860F1C5BDF81}.DebugLocal|Any CPU.ActiveCfg = Debug|Any CPU
		{F12DC925-70B9-4650-B9ED-860F1C5BDF81}.DebugLocal|Any CPU.Build.0 = Debug|Any CPU
		{F12DC925-70B9-4650-B9ED-860F1C5BDF81}.Development|Any CPU.ActiveCfg = Debug|Any CPU
		{F12DC925-70B9-4650-B9ED-860F1C5BDF81}.Development|Any CPU.Build.0 = Debug|Any CPU
		{F12DC925-70B9-4650-B9ED-860F1C5BDF81}.Release|Any CPU.ActiveCfg = Release|Any CPU
		{F12DC925-70B9-4650-B9ED-860F1C5BDF81}.Release|Any CPU.Build.0 = Release|Any CPU
		{F01A0CE6-9D3E-403E-A6F0-715321F9F4CD}.Debug|Any CPU.ActiveCfg = Debug|Any CPU
		{F01A0CE6-9D3E-403E-A6F0-715321F9F4CD}.Debug|Any CPU.Build.0 = Debug|Any CPU
		{F01A0CE6-9D3E-403E-A6F0-715321F9F4CD}.DebugLocal|Any CPU.ActiveCfg = Debug|Any CPU
		{F01A0CE6-9D3E-403E-A6F0-715321F9F4CD}.DebugLocal|Any CPU.Build.0 = Debug|Any CPU
		{F01A0CE6-9D3E-403E-A6F0-715321F9F4CD}.Development|Any CPU.ActiveCfg = Debug|Any CPU
		{F01A0CE6-9D3E-403E-A6F0-715321F9F4CD}.Development|Any CPU.Build.0 = Debug|Any CPU
		{F01A0CE6-9D3E-403E-A6F0-715321F9F4CD}.Release|Any CPU.ActiveCfg = Release|Any CPU
		{F01A0CE6-9D3E-403E-A6F0-715321F9F4CD}.Release|Any CPU.Build.0 = Release|Any CPU
		{BF8F9792-3B6D-4CD5-9C9A-332B0899C7F1}.Debug|Any CPU.ActiveCfg = Debug|Any CPU
		{BF8F9792-3B6D-4CD5-9C9A-332B0899C7F1}.Debug|Any CPU.Build.0 = Debug|Any CPU
		{BF8F9792-3B6D-4CD5-9C9A-332B0899C7F1}.DebugLocal|Any CPU.ActiveCfg = Debug|Any CPU
		{BF8F9792-3B6D-4CD5-9C9A-332B0899C7F1}.DebugLocal|Any CPU.Build.0 = Debug|Any CPU
		{BF8F9792-3B6D-4CD5-9C9A-332B0899C7F1}.Development|Any CPU.ActiveCfg = Debug|Any CPU
		{BF8F9792-3B6D-4CD5-9C9A-332B0899C7F1}.Development|Any CPU.Build.0 = Debug|Any CPU
		{BF8F9792-3B6D-4CD5-9C9A-332B0899C7F1}.Release|Any CPU.ActiveCfg = Release|Any CPU
		{BF8F9792-3B6D-4CD5-9C9A-332B0899C7F1}.Release|Any CPU.Build.0 = Release|Any CPU
		{A9CD4B67-0CAB-45AD-92B4-82C6A8828481}.Debug|Any CPU.ActiveCfg = Debug|Any CPU
		{A9CD4B67-0CAB-45AD-92B4-82C6A8828481}.Debug|Any CPU.Build.0 = Debug|Any CPU
		{A9CD4B67-0CAB-45AD-92B4-82C6A8828481}.DebugLocal|Any CPU.ActiveCfg = Debug|Any CPU
		{A9CD4B67-0CAB-45AD-92B4-82C6A8828481}.DebugLocal|Any CPU.Build.0 = Debug|Any CPU
		{A9CD4B67-0CAB-45AD-92B4-82C6A8828481}.Development|Any CPU.ActiveCfg = Debug|Any CPU
		{A9CD4B67-0CAB-45AD-92B4-82C6A8828481}.Development|Any CPU.Build.0 = Debug|Any CPU
		{A9CD4B67-0CAB-45AD-92B4-82C6A8828481}.Release|Any CPU.ActiveCfg = Release|Any CPU
		{A9CD4B67-0CAB-45AD-92B4-82C6A8828481}.Release|Any CPU.Build.0 = Release|Any CPU
		{E1CEF9FC-69C0-4DD0-B9AE-84CEA9306E3C}.Debug|Any CPU.ActiveCfg = Debug|Any CPU
		{E1CEF9FC-69C0-4DD0-B9AE-84CEA9306E3C}.Debug|Any CPU.Build.0 = Debug|Any CPU
		{E1CEF9FC-69C0-4DD0-B9AE-84CEA9306E3C}.DebugLocal|Any CPU.ActiveCfg = Debug|Any CPU
		{E1CEF9FC-69C0-4DD0-B9AE-84CEA9306E3C}.DebugLocal|Any CPU.Build.0 = Debug|Any CPU
		{E1CEF9FC-69C0-4DD0-B9AE-84CEA9306E3C}.Development|Any CPU.ActiveCfg = Debug|Any CPU
		{E1CEF9FC-69C0-4DD0-B9AE-84CEA9306E3C}.Development|Any CPU.Build.0 = Debug|Any CPU
		{E1CEF9FC-69C0-4DD0-B9AE-84CEA9306E3C}.Release|Any CPU.ActiveCfg = Release|Any CPU
		{E1CEF9FC-69C0-4DD0-B9AE-84CEA9306E3C}.Release|Any CPU.Build.0 = Release|Any CPU
		{BD88DA8D-62CA-4467-988A-4CDF23DFFCB7}.Debug|Any CPU.ActiveCfg = Debug|Any CPU
		{BD88DA8D-62CA-4467-988A-4CDF23DFFCB7}.Debug|Any CPU.Build.0 = Debug|Any CPU
		{BD88DA8D-62CA-4467-988A-4CDF23DFFCB7}.DebugLocal|Any CPU.ActiveCfg = Debug|Any CPU
		{BD88DA8D-62CA-4467-988A-4CDF23DFFCB7}.DebugLocal|Any CPU.Build.0 = Debug|Any CPU
		{BD88DA8D-62CA-4467-988A-4CDF23DFFCB7}.Development|Any CPU.ActiveCfg = Debug|Any CPU
		{BD88DA8D-62CA-4467-988A-4CDF23DFFCB7}.Development|Any CPU.Build.0 = Debug|Any CPU
		{BD88DA8D-62CA-4467-988A-4CDF23DFFCB7}.Release|Any CPU.ActiveCfg = Release|Any CPU
		{BD88DA8D-62CA-4467-988A-4CDF23DFFCB7}.Release|Any CPU.Build.0 = Release|Any CPU
		{6CFB22BD-E231-4B16-B736-240D603F5478}.Debug|Any CPU.ActiveCfg = Debug|Any CPU
		{6CFB22BD-E231-4B16-B736-240D603F5478}.Debug|Any CPU.Build.0 = Debug|Any CPU
		{6CFB22BD-E231-4B16-B736-240D603F5478}.DebugLocal|Any CPU.ActiveCfg = Debug|Any CPU
		{6CFB22BD-E231-4B16-B736-240D603F5478}.DebugLocal|Any CPU.Build.0 = Debug|Any CPU
		{6CFB22BD-E231-4B16-B736-240D603F5478}.Development|Any CPU.ActiveCfg = Debug|Any CPU
		{6CFB22BD-E231-4B16-B736-240D603F5478}.Development|Any CPU.Build.0 = Debug|Any CPU
		{6CFB22BD-E231-4B16-B736-240D603F5478}.Release|Any CPU.ActiveCfg = Release|Any CPU
		{6CFB22BD-E231-4B16-B736-240D603F5478}.Release|Any CPU.Build.0 = Release|Any CPU
		{5FC6C206-0F36-47D4-98C6-AB3FBFB5D52B}.Debug|Any CPU.ActiveCfg = Debug|Any CPU
		{5FC6C206-0F36-47D4-98C6-AB3FBFB5D52B}.Debug|Any CPU.Build.0 = Debug|Any CPU
		{5FC6C206-0F36-47D4-98C6-AB3FBFB5D52B}.DebugLocal|Any CPU.ActiveCfg = Debug|Any CPU
		{5FC6C206-0F36-47D4-98C6-AB3FBFB5D52B}.DebugLocal|Any CPU.Build.0 = Debug|Any CPU
		{5FC6C206-0F36-47D4-98C6-AB3FBFB5D52B}.Development|Any CPU.ActiveCfg = Debug|Any CPU
		{5FC6C206-0F36-47D4-98C6-AB3FBFB5D52B}.Development|Any CPU.Build.0 = Debug|Any CPU
		{5FC6C206-0F36-47D4-98C6-AB3FBFB5D52B}.Release|Any CPU.ActiveCfg = Release|Any CPU
		{5FC6C206-0F36-47D4-98C6-AB3FBFB5D52B}.Release|Any CPU.Build.0 = Release|Any CPU
		{EAB0E535-E8B7-4EEA-810D-00D4008F43DF}.Debug|Any CPU.ActiveCfg = Debug|Any CPU
		{EAB0E535-E8B7-4EEA-810D-00D4008F43DF}.Debug|Any CPU.Build.0 = Debug|Any CPU
		{EAB0E535-E8B7-4EEA-810D-00D4008F43DF}.DebugLocal|Any CPU.ActiveCfg = Debug|Any CPU
		{EAB0E535-E8B7-4EEA-810D-00D4008F43DF}.DebugLocal|Any CPU.Build.0 = Debug|Any CPU
		{EAB0E535-E8B7-4EEA-810D-00D4008F43DF}.Development|Any CPU.ActiveCfg = Debug|Any CPU
		{EAB0E535-E8B7-4EEA-810D-00D4008F43DF}.Development|Any CPU.Build.0 = Debug|Any CPU
		{EAB0E535-E8B7-4EEA-810D-00D4008F43DF}.Release|Any CPU.ActiveCfg = Release|Any CPU
		{EAB0E535-E8B7-4EEA-810D-00D4008F43DF}.Release|Any CPU.Build.0 = Release|Any CPU
		{98738595-879B-48D8-8E43-37F3F3549A06}.Debug|Any CPU.ActiveCfg = Debug|Any CPU
		{98738595-879B-48D8-8E43-37F3F3549A06}.Debug|Any CPU.Build.0 = Debug|Any CPU
		{98738595-879B-48D8-8E43-37F3F3549A06}.DebugLocal|Any CPU.ActiveCfg = Debug|Any CPU
		{98738595-879B-48D8-8E43-37F3F3549A06}.DebugLocal|Any CPU.Build.0 = Debug|Any CPU
		{98738595-879B-48D8-8E43-37F3F3549A06}.Development|Any CPU.ActiveCfg = Debug|Any CPU
		{98738595-879B-48D8-8E43-37F3F3549A06}.Development|Any CPU.Build.0 = Debug|Any CPU
		{98738595-879B-48D8-8E43-37F3F3549A06}.Release|Any CPU.ActiveCfg = Release|Any CPU
		{98738595-879B-48D8-8E43-37F3F3549A06}.Release|Any CPU.Build.0 = Release|Any CPU
		{34D7C6C2-68CC-485E-AAA2-2A06B589BDDF}.Debug|Any CPU.ActiveCfg = Debug|Any CPU
		{34D7C6C2-68CC-485E-AAA2-2A06B589BDDF}.Debug|Any CPU.Build.0 = Debug|Any CPU
		{34D7C6C2-68CC-485E-AAA2-2A06B589BDDF}.DebugLocal|Any CPU.ActiveCfg = Debug|Any CPU
		{34D7C6C2-68CC-485E-AAA2-2A06B589BDDF}.DebugLocal|Any CPU.Build.0 = Debug|Any CPU
		{34D7C6C2-68CC-485E-AAA2-2A06B589BDDF}.Development|Any CPU.ActiveCfg = Debug|Any CPU
		{34D7C6C2-68CC-485E-AAA2-2A06B589BDDF}.Development|Any CPU.Build.0 = Debug|Any CPU
		{34D7C6C2-68CC-485E-AAA2-2A06B589BDDF}.Release|Any CPU.ActiveCfg = Release|Any CPU
		{34D7C6C2-68CC-485E-AAA2-2A06B589BDDF}.Release|Any CPU.Build.0 = Release|Any CPU
		{5AB7AAB2-8EBD-4CED-B695-82A80DEE61D9}.Debug|Any CPU.ActiveCfg = Debug|Any CPU
		{5AB7AAB2-8EBD-4CED-B695-82A80DEE61D9}.Debug|Any CPU.Build.0 = Debug|Any CPU
		{5AB7AAB2-8EBD-4CED-B695-82A80DEE61D9}.DebugLocal|Any CPU.ActiveCfg = Debug|Any CPU
		{5AB7AAB2-8EBD-4CED-B695-82A80DEE61D9}.DebugLocal|Any CPU.Build.0 = Debug|Any CPU
		{5AB7AAB2-8EBD-4CED-B695-82A80DEE61D9}.Development|Any CPU.ActiveCfg = Debug|Any CPU
		{5AB7AAB2-8EBD-4CED-B695-82A80DEE61D9}.Development|Any CPU.Build.0 = Debug|Any CPU
		{5AB7AAB2-8EBD-4CED-B695-82A80DEE61D9}.Release|Any CPU.ActiveCfg = Release|Any CPU
		{5AB7AAB2-8EBD-4CED-B695-82A80DEE61D9}.Release|Any CPU.Build.0 = Release|Any CPU
		{26DA8A82-D1CC-4BB7-A5F4-5FBD322C9484}.Debug|Any CPU.ActiveCfg = Debug|Any CPU
		{26DA8A82-D1CC-4BB7-A5F4-5FBD322C9484}.Debug|Any CPU.Build.0 = Debug|Any CPU
		{26DA8A82-D1CC-4BB7-A5F4-5FBD322C9484}.DebugLocal|Any CPU.ActiveCfg = Debug|Any CPU
		{26DA8A82-D1CC-4BB7-A5F4-5FBD322C9484}.DebugLocal|Any CPU.Build.0 = Debug|Any CPU
		{26DA8A82-D1CC-4BB7-A5F4-5FBD322C9484}.Development|Any CPU.ActiveCfg = Debug|Any CPU
		{26DA8A82-D1CC-4BB7-A5F4-5FBD322C9484}.Development|Any CPU.Build.0 = Debug|Any CPU
		{26DA8A82-D1CC-4BB7-A5F4-5FBD322C9484}.Release|Any CPU.ActiveCfg = Release|Any CPU
		{26DA8A82-D1CC-4BB7-A5F4-5FBD322C9484}.Release|Any CPU.Build.0 = Release|Any CPU
	EndGlobalSection
	GlobalSection(SolutionProperties) = preSolution
		HideSolutionNode = FALSE
	EndGlobalSection
	GlobalSection(NestedProjects) = preSolution
		{02F8D593-A2DB-42C4-AFD1-D1987510334B} = {F54D2443-C254-46CD-A4E6-8DE498850F05}
		{DFE01277-6CD1-4CBE-9FCF-3CAD1F7B73D8} = {03C3DAA4-48C2-425C-8793-5C4E06424C95}
		{0CA28630-444C-4678-A2DD-05111132C899} = {03C3DAA4-48C2-425C-8793-5C4E06424C95}
		{CBA3527C-7BDF-4F41-9133-255A6E491395} = {03C3DAA4-48C2-425C-8793-5C4E06424C95}
		{D1F29ABF-E455-47DC-9594-62C9DBBF2AA8} = {03C3DAA4-48C2-425C-8793-5C4E06424C95}
		{6FBD6986-53C0-4BA0-996A-AD399E28EF1B} = {F54D2443-C254-46CD-A4E6-8DE498850F05}
		{45C16E36-29E7-4E0F-9365-A6254B96F03C} = {F54D2443-C254-46CD-A4E6-8DE498850F05}
		{5885A692-03CC-44A4-BEDE-708AC3BAB315} = {F54D2443-C254-46CD-A4E6-8DE498850F05}
		{27B89129-50D5-405D-BBFD-6FD206629819} = {03C3DAA4-48C2-425C-8793-5C4E06424C95}
		{EEBB8395-050F-4C9B-97AA-35F1FF296520} = {EC2F041D-C1A6-4EC5-8245-EFD992430EF8}
		{F77BEA46-9C0E-4943-AF55-35413234B9D0} = {D94CB310-FC91-43C7-8566-84AF979229AE}
		{5FC2EC52-5917-4231-B8CC-C6D76DD68EE7} = {4AD2DA34-85C7-4B10-941B-54E874632332}
		{B3CDBCC4-F778-4F14-A9FF-255E575244BD} = {4AD2DA34-85C7-4B10-941B-54E874632332}
		{89FDAAFB-EA07-4465-A7DA-6D3BA7C17F11} = {4AD2DA34-85C7-4B10-941B-54E874632332}
		{98C69041-9506-4FF2-BEC1-4F1D3CF37D7E} = {4AD2DA34-85C7-4B10-941B-54E874632332}
		{4597F497-6ECF-43BA-A893-5A5412A35368} = {4AD2DA34-85C7-4B10-941B-54E874632332}
		{7A328774-F678-469A-8393-8B99E4B6A0CC} = {4AD2DA34-85C7-4B10-941B-54E874632332}
		{C1B45A85-84E1-4AC9-8069-38DBCE4E59AD} = {D94CB310-FC91-43C7-8566-84AF979229AE}
		{736436EB-F912-4D12-8748-E7B3A3E5F2D9} = {D94CB310-FC91-43C7-8566-84AF979229AE}
		{89CE9E27-765C-486D-9DA6-71B3411AA78E} = {D94CB310-FC91-43C7-8566-84AF979229AE}
		{6FC403E6-C946-4381-887F-B3F5A2583172} = {4FD83E32-569B-43D4-B201-FC060B296AAC}
		{50D11E53-6F19-452F-A3A1-46E1FCB16447} = {4FD83E32-569B-43D4-B201-FC060B296AAC}
		{F1B2FDA6-DCD6-4756-BABE-2D5535729F1E} = {4FD83E32-569B-43D4-B201-FC060B296AAC}
		{C53CF359-0CFB-4844-BCAC-2AA1B7B08E54} = {4FD83E32-569B-43D4-B201-FC060B296AAC}
		{CEC224E9-15EA-4DCC-8830-DE137ECD31BC} = {4FD83E32-569B-43D4-B201-FC060B296AAC}
		{A9C984CE-5905-43DF-A9E1-16B634FBFB99} = {4FD83E32-569B-43D4-B201-FC060B296AAC}
		{2843540A-5345-4CA8-8336-531210A6280D} = {4FD83E32-569B-43D4-B201-FC060B296AAC}
		{FF7A5D74-B313-417C-84E5-4A7EA2F1F21D} = {50214FD0-D99D-4A4E-BE6A-2D08CD038AC5}
		{16683ACA-EABE-4FF7-8511-663F166ED211} = {50214FD0-D99D-4A4E-BE6A-2D08CD038AC5}
		{3A8D810C-804D-4E9F-BAB4-835EDF31CBF5} = {50214FD0-D99D-4A4E-BE6A-2D08CD038AC5}
		{6C970A5D-F430-436C-B496-A3EE40EDC290} = {50214FD0-D99D-4A4E-BE6A-2D08CD038AC5}
		{53204EA7-9C21-49CB-BC8D-A1192F843619} = {50214FD0-D99D-4A4E-BE6A-2D08CD038AC5}
		{B82714C3-9A51-43E4-A1C6-50488F6DBC4F} = {50214FD0-D99D-4A4E-BE6A-2D08CD038AC5}
		{8F54892A-588A-4430-A338-54A636C4A798} = {50214FD0-D99D-4A4E-BE6A-2D08CD038AC5}
		{5A8B29E8-E78F-4A25-A509-CF6F5ABA462E} = {03C3DAA4-48C2-425C-8793-5C4E06424C95}
		{FF5EB29B-0FED-4BDC-8A8E-6195B5E669F6} = {50214FD0-D99D-4A4E-BE6A-2D08CD038AC5}
		{90590CE2-AC74-483A-9B20-9A222F95D7D3} = {50214FD0-D99D-4A4E-BE6A-2D08CD038AC5}
		{146AA4FB-2391-48F3-8937-844049C17FB3} = {4AD2DA34-85C7-4B10-941B-54E874632332}
		{6A6D3129-BCB3-4C92-AB61-53369BCD4955} = {4AD2DA34-85C7-4B10-941B-54E874632332}
		{831A1E73-BBCB-4EFA-AF48-5CB8DCF5A612} = {4FD83E32-569B-43D4-B201-FC060B296AAC}
		{52C2D6D0-F992-474D-B60B-1BBB88CC02C9} = {4FD83E32-569B-43D4-B201-FC060B296AAC}
		{7377DE37-9A8A-41F7-9D80-7C34A4E9F7E6} = {50214FD0-D99D-4A4E-BE6A-2D08CD038AC5}
		{1EC14231-0078-4482-9898-6B730BA03253} = {4AD2DA34-85C7-4B10-941B-54E874632332}
		{C4C9E58B-BA7E-4673-9C99-F6667C579F6C} = {4FD83E32-569B-43D4-B201-FC060B296AAC}
		{E5FCE292-AC34-4AE2-BD09-4E2F1A3FE84C} = {50214FD0-D99D-4A4E-BE6A-2D08CD038AC5}
		{A46D22C2-B16D-4CB9-BDA9-C40F887C37F6} = {4AD2DA34-85C7-4B10-941B-54E874632332}
		{EDF420C2-3931-4395-B023-E8423C373A18} = {4FD83E32-569B-43D4-B201-FC060B296AAC}
		{9AC6F16F-BF0E-4F30-BDA1-667D276943F0} = {03C3DAA4-48C2-425C-8793-5C4E06424C95}
		{6140A499-F443-44E0-924D-8923617F7D1F} = {50214FD0-D99D-4A4E-BE6A-2D08CD038AC5}
		{6D2A40C1-AF88-462D-AD2F-295285B681AB} = {4FD83E32-569B-43D4-B201-FC060B296AAC}
		{90F0FA7B-5643-4791-ACFD-72DCD3C65A93} = {50214FD0-D99D-4A4E-BE6A-2D08CD038AC5}
		{7D91CC28-B879-4329-B149-68DC72C86727} = {4AD2DA34-85C7-4B10-941B-54E874632332}
		{B2C65251-8F54-4F03-A8AA-228983381325} = {4FD83E32-569B-43D4-B201-FC060B296AAC}
		{EFE608E7-A051-488F-94CD-4D526DDDA2DB} = {50214FD0-D99D-4A4E-BE6A-2D08CD038AC5}
		{3CFC577C-7A7B-4C57-8A49-9F30F2DD79A8} = {4AD2DA34-85C7-4B10-941B-54E874632332}
		{F12DC925-70B9-4650-B9ED-860F1C5BDF81} = {4FD83E32-569B-43D4-B201-FC060B296AAC}
		{F01A0CE6-9D3E-403E-A6F0-715321F9F4CD} = {50214FD0-D99D-4A4E-BE6A-2D08CD038AC5}
		{BF8F9792-3B6D-4CD5-9C9A-332B0899C7F1} = {4AD2DA34-85C7-4B10-941B-54E874632332}
		{A9CD4B67-0CAB-45AD-92B4-82C6A8828481} = {4FD83E32-569B-43D4-B201-FC060B296AAC}
		{E1CEF9FC-69C0-4DD0-B9AE-84CEA9306E3C} = {EB538356-4D7B-4E8F-8D02-2D6D755AED25}
		{DDA0C44C-3888-4255-A92B-1FEFD24BF08E} = {4AD2DA34-85C7-4B10-941B-54E874632332}
		{EB538356-4D7B-4E8F-8D02-2D6D755AED25} = {50214FD0-D99D-4A4E-BE6A-2D08CD038AC5}
		{BD88DA8D-62CA-4467-988A-4CDF23DFFCB7} = {DDA0C44C-3888-4255-A92B-1FEFD24BF08E}
		{11977036-609D-4DD9-B7EB-E26221B049B7} = {4FD83E32-569B-43D4-B201-FC060B296AAC}
		{6CFB22BD-E231-4B16-B736-240D603F5478} = {11977036-609D-4DD9-B7EB-E26221B049B7}
		{5FC6C206-0F36-47D4-98C6-AB3FBFB5D52B} = {50214FD0-D99D-4A4E-BE6A-2D08CD038AC5}
		{EAB0E535-E8B7-4EEA-810D-00D4008F43DF} = {4AD2DA34-85C7-4B10-941B-54E874632332}
		{98738595-879B-48D8-8E43-37F3F3549A06} = {4FD83E32-569B-43D4-B201-FC060B296AAC}
		{34D7C6C2-68CC-485E-AAA2-2A06B589BDDF} = {50214FD0-D99D-4A4E-BE6A-2D08CD038AC5}
		{5AB7AAB2-8EBD-4CED-B695-82A80DEE61D9} = {4AD2DA34-85C7-4B10-941B-54E874632332}
		{26DA8A82-D1CC-4BB7-A5F4-5FBD322C9484} = {4FD83E32-569B-43D4-B201-FC060B296AAC}
	EndGlobalSection
	GlobalSection(ExtensibilityGlobals) = postSolution
		SolutionGuid = {948865A6-B741-4E07-886B-F685BD3A6B76}
	EndGlobalSection
EndGlobal
